{"format_version":"1.0","provider_schemas":{"registry.terraform.io/outscale/outscale":{"provider":{"version":0,"block":{"attributes":{"access_key_id":{"type":"string","description":"The Access Key ID for API operations.","description_kind":"plain","required":true},"region":{"type":"string","description":"The Region for API operations.","description_kind":"plain","required":true},"secret_key_id":{"type":"string","description":"The Secret Key ID for API operations.","description_kind":"plain","required":true},"x509_cert_path":{"type":"string","description":"The path to your x509 cert","description_kind":"plain","optional":true},"x509_key_path":{"type":"string","description":"The path to your x509 key","description_kind":"plain","optional":true}},"block_types":{"endpoints":{"nesting_mode":"set","block":{"attributes":{"api":{"type":"string","description":"Use this to override the default service endpoint URL","description_kind":"plain","optional":true}},"description_kind":"plain"}}},"description_kind":"plain"}},"resource_schemas":{"outscale_access_key":{"version":0,"block":{"attributes":{"access_key_id":{"type":"string","description_kind":"plain","computed":true},"creation_date":{"type":"string","description_kind":"plain","computed":true},"expiration_date":{"type":"string","description_kind":"plain","optional":true},"id":{"type":"string","description_kind":"plain","optional":true,"computed":true},"last_modification_date":{"type":"string","description_kind":"plain","computed":true},"request_id":{"type":"string","description_kind":"plain","computed":true},"secret_key":{"type":"string","description_kind":"plain","computed":true},"state":{"type":"string","description_kind":"plain","optional":true}},"description_kind":"plain"}},"outscale_api_access_policy":{"version":0,"block":{"attributes":{"id":{"type":"string","description_kind":"plain","optional":true,"computed":true},"max_access_key_expiration_seconds":{"type":"number","description_kind":"plain","required":true},"request_id":{"type":"string","description_kind":"plain","computed":true},"require_trusted_env":{"type":"bool","description_kind":"plain","required":true}},"description_kind":"plain"}},"outscale_api_access_rule":{"version":0,"block":{"attributes":{"api_access_rule_id":{"type":"string","description_kind":"plain","computed":true},"ca_ids":{"type":["set","string"],"description_kind":"plain","optional":true},"cns":{"type":["set","string"],"description_kind":"plain","optional":true},"description":{"type":"string","description_kind":"plain","optional":true},"id":{"type":"string","description_kind":"plain","optional":true,"computed":true},"ip_ranges":{"type":["set","string"],"description_kind":"plain","optional":true},"request_id":{"type":"string","description_kind":"plain","computed":true}},"description_kind":"plain"}},"outscale_ca":{"version":0,"block":{"attributes":{"ca_fingerprint":{"type":"string","description_kind":"plain","computed":true},"ca_id":{"type":"string","description_kind":"plain","computed":true},"ca_pem":{"type":"string","description_kind":"plain","optional":true},"description":{"type":"string","description_kind":"plain","optional":true},"id":{"type":"string","description_kind":"plain","optional":true,"computed":true},"request_id":{"type":"string","description_kind":"plain","computed":true}},"description_kind":"plain"}},"outscale_client_gateway":{"version":0,"block":{"attributes":{"bgp_asn":{"type":"number","description_kind":"plain","required":true},"client_gateway_id":{"type":"string","description_kind":"plain","computed":true},"connection_type":{"type":"string","description_kind":"plain","required":true},"id":{"type":"string","description_kind":"plain","optional":true,"computed":true},"public_ip":{"type":"string","description_kind":"plain","required":true},"request_id":{"type":"string","description_kind":"plain","computed":true},"state":{"type":"string","description_kind":"plain","computed":true}},"block_types":{"tags":{"nesting_mode":"set","block":{"attributes":{"key":{"type":"string","description_kind":"plain","optional":true,"computed":true},"value":{"type":"string","description_kind":"plain","optional":true,"computed":true}},"description_kind":"plain"}}},"description_kind":"plain"}},"outscale_dhcp_option":{"version":0,"block":{"attributes":{"default":{"type":"bool","description_kind":"plain","computed":true},"dhcp_options_set_id":{"type":"string","description_kind":"plain","computed":true},"domain_name":{"type":"string","description_kind":"plain","optional":true,"computed":true},"domain_name_servers":{"type":["list","string"],"description_kind":"plain","optional":true,"computed":true},"id":{"type":"string","description_kind":"plain","optional":true,"computed":true},"log_servers":{"type":["list","string"],"description_kind":"plain","optional":true,"computed":true},"ntp_servers":{"type":["list","string"],"description_kind":"plain","optional":true,"computed":true},"request_id":{"type":"string","description_kind":"plain","computed":true}},"block_types":{"tags":{"nesting_mode":"set","block":{"attributes":{"key":{"type":"string","description_kind":"plain","optional":true,"computed":true},"value":{"type":"string","description_kind":"plain","optional":true,"computed":true}},"description_kind":"plain"}}},"description_kind":"plain"}},"outscale_flexible_gpu":{"version":0,"block":{"attributes":{"delete_on_vm_deletion":{"type":"bool","description_kind":"plain","optional":true,"computed":true},"flexible_gpu_id":{"type":"string","description_kind":"plain","computed":true},"generation":{"type":"string","description_kind":"plain","optional":true,"computed":true},"id":{"type":"string","description_kind":"plain","optional":true,"computed":true},"model_name":{"type":"string","description_kind":"plain","required":true},"request_id":{"type":"string","description_kind":"plain","computed":true},"state":{"type":"string","description_kind":"plain","computed":true},"subregion_name":{"type":"string","description_kind":"plain","required":true},"vm_id":{"type":"string","description_kind":"plain","computed":true}},"description_kind":"plain"}},"outscale_flexible_gpu_link":{"version":0,"block":{"attributes":{"flexible_gpu_id":{"type":"string","description_kind":"plain","required":true},"id":{"type":"string","description_kind":"plain","optional":true,"computed":true},"request_id":{"type":"string","description_kind":"plain","computed":true},"vm_id":{"type":"string","description_kind":"plain","required":true}},"description_kind":"plain"}},"outscale_image":{"version":0,"block":{"attributes":{"account_alias":{"type":"string","description_kind":"plain","computed":true},"account_id":{"type":"string","description_kind":"plain","computed":true},"architecture":{"type":"string","description_kind":"plain","optional":true,"computed":true},"creation_date":{"type":"string","description_kind":"plain","computed":true},"description":{"type":"string","description_kind":"plain","optional":true,"computed":true},"file_location":{"type":"string","description_kind":"plain","optional":true,"computed":true},"id":{"type":"string","description_kind":"plain","optional":true,"computed":true},"image_id":{"type":"string","description_kind":"plain","computed":true},"image_name":{"type":"string","description_kind":"plain","optional":true,"computed":true},"image_type":{"type":"string","description_kind":"plain","computed":true},"is_public":{"type":"bool","description_kind":"plain","computed":true},"no_reboot":{"type":"bool","description_kind":"plain","optional":true,"computed":true},"permissions_to_launch":{"type":["list",["object",{"account_ids":["list","string"],"global_permission":"bool"}]],"description_kind":"plain","computed":true},"product_codes":{"type":["list","string"],"description_kind":"plain","computed":true},"request_id":{"type":"string","description_kind":"plain","computed":true},"root_device_name":{"type":"string","description_kind":"plain","optional":true,"computed":true},"root_device_type":{"type":"string","description_kind":"plain","computed":true},"source_image_id":{"type":"string","description_kind":"plain","optional":true,"computed":true},"source_region_name":{"type":"string","description_kind":"plain","optional":true},"state":{"type":"string","description_kind":"plain","computed":true},"state_comment":{"type":["set",["object",{"state_code":"string","state_message":"string"}]],"description_kind":"plain","computed":true},"vm_id":{"type":"string","description_kind":"plain","optional":true,"computed":true}},"block_types":{"block_device_mappings":{"nesting_mode":"list","block":{"attributes":{"device_name":{"type":"string","description_kind":"plain","optional":true,"computed":true},"virtual_device_name":{"type":"string","description_kind":"plain","optional":true,"computed":true}},"block_types":{"bsu":{"nesting_mode":"list","block":{"attributes":{"delete_on_vm_deletion":{"type":"bool","description_kind":"plain","optional":true,"computed":true},"iops":{"type":"number","description_kind":"plain","optional":true,"computed":true},"snapshot_id":{"type":"string","description_kind":"plain","optional":true,"computed":true},"volume_size":{"type":"number","description_kind":"plain","optional":true,"computed":true},"volume_type":{"type":"string","description_kind":"plain","optional":true,"computed":true}},"description_kind":"plain"}}},"description_kind":"plain"}},"tags":{"nesting_mode":"set","block":{"attributes":{"key":{"type":"string","description_kind":"plain","optional":true,"computed":true},"value":{"type":"string","description_kind":"plain","optional":true,"computed":true}},"description_kind":"plain"}},"timeouts":{"nesting_mode":"single","block":{"attributes":{"create":{"type":"string","description_kind":"plain","optional":true},"delete":{"type":"string","description_kind":"plain","optional":true},"update":{"type":"string","description_kind":"plain","optional":true}},"description_kind":"plain"}}},"description_kind":"plain"}},"outscale_image_export_task":{"version":0,"block":{"attributes":{"comment":{"type":"string","description_kind":"plain","computed":true},"id":{"type":"string","description_kind":"plain","optional":true,"computed":true},"image_id":{"type":"string","description_kind":"plain","required":true},"progress":{"type":"number","description_kind":"plain","computed":true},"request_id":{"type":"string","description_kind":"plain","computed":true},"state":{"type":"string","description_kind":"plain","computed":true},"task_id":{"type":"string","description_kind":"plain","computed":true}},"block_types":{"osu_export":{"nesting_mode":"list","block":{"attributes":{"disk_image_format":{"type":"string","description_kind":"plain","required":true},"osu_bucket":{"type":"string","description_kind":"plain","required":true},"osu_manifest_url":{"type":"string","description_kind":"plain","optional":true,"computed":true},"osu_prefix":{"type":"string","description_kind":"plain","optional":true}},"block_types":{"osu_api_key":{"nesting_mode":"list","block":{"attributes":{"api_key_id":{"type":"string","description_kind":"plain","required":true},"secret_key":{"type":"string","description_kind":"plain","required":true}},"description_kind":"plain"}}},"description_kind":"plain"},"min_items":1},"tags":{"nesting_mode":"set","block":{"attributes":{"key":{"type":"string","description_kind":"plain","optional":true,"computed":true},"value":{"type":"string","description_kind":"plain","optional":true,"computed":true}},"description_kind":"plain"}},"timeouts":{"nesting_mode":"single","block":{"attributes":{"create":{"type":"string","description_kind":"plain","optional":true},"delete":{"type":"string","description_kind":"plain","optional":true}},"description_kind":"plain"}}},"description_kind":"plain"}},"outscale_image_launch_permission":{"version":0,"block":{"attributes":{"description":{"type":"string","description_kind":"plain","computed":true},"id":{"type":"string","description_kind":"plain","optional":true,"computed":true},"image_id":{"type":"string","description_kind":"plain","required":true},"permissions_to_launch":{"type":["list",["object",{"account_ids":["list","string"],"global_permission":"string"}]],"description_kind":"plain","computed":true},"request_id":{"type":"string","description_kind":"plain","computed":true}},"block_types":{"permission_additions":{"nesting_mode":"list","block":{"attributes":{"account_ids":{"type":["list","string"],"description_kind":"plain","optional":true},"global_permission":{"type":"string","description_kind":"plain","optional":true}},"description_kind":"plain"},"max_items":1},"permission_removals":{"nesting_mode":"list","block":{"attributes":{"account_ids":{"type":["list","string"],"description_kind":"plain","optional":true},"global_permission":{"type":"string","description_kind":"plain","optional":true}},"description_kind":"plain"},"max_items":1}},"description_kind":"plain"}},"outscale_internet_service":{"version":0,"block":{"attributes":{"id":{"type":"string","description_kind":"plain","optional":true,"computed":true},"internet_service_id":{"type":"string","description_kind":"plain","computed":true},"net_id":{"type":"string","description_kind":"plain","computed":true},"request_id":{"type":"string","description_kind":"plain","computed":true},"state":{"type":"string","description_kind":"plain","computed":true}},"block_types":{"tags":{"nesting_mode":"set","block":{"attributes":{"key":{"type":"string","description_kind":"plain","optional":true,"computed":true},"value":{"type":"string","description_kind":"plain","optional":true,"computed":true}},"description_kind":"plain"}}},"description_kind":"plain"}},"outscale_internet_service_link":{"version":0,"block":{"attributes":{"id":{"type":"string","description_kind":"plain","optional":true,"computed":true},"internet_service_id":{"type":"string","description_kind":"plain","required":true},"net_id":{"type":"string","description_kind":"plain","required":true},"request_id":{"type":"string","description_kind":"plain","computed":true},"state":{"type":"string","description_kind":"plain","computed":true},"tags":{"type":["list",["object",{"key":"string","value":"string"}]],"description_kind":"plain","computed":true}},"description_kind":"plain"}},"outscale_keypair":{"version":0,"block":{"attributes":{"id":{"type":"string","description_kind":"plain","optional":true,"computed":true},"keypair_fingerprint":{"type":"string","description_kind":"plain","computed":true},"keypair_name":{"type":"string","description_kind":"plain","optional":true,"computed":true},"private_key":{"type":"string","description_kind":"plain","computed":true},"public_key":{"type":"string","description_kind":"plain","optional":true,"computed":true},"request_id":{"type":"string","description_kind":"plain","computed":true}},"block_types":{"timeouts":{"nesting_mode":"single","block":{"attributes":{"create":{"type":"string","description_kind":"plain","optional":true},"delete":{"type":"string","description_kind":"plain","optional":true},"read":{"type":"string","description_kind":"plain","optional":true}},"description_kind":"plain"}}},"description_kind":"plain"}},"outscale_load_balancer":{"version":0,"block":{"attributes":{"access_log":{"type":["map","string"],"description_kind":"plain","optional":true,"computed":true},"application_sticky_cookie_policies":{"type":["list",["object",{"cookie_name":"string","policy_name":"string"}]],"description_kind":"plain","computed":true},"backend_vm_ids":{"type":["list","string"],"description_kind":"plain","optional":true,"computed":true},"dns_name":{"type":"string","description_kind":"plain","computed":true},"health_check":{"type":["map","string"],"description_kind":"plain","computed":true},"id":{"type":"string","description_kind":"plain","optional":true,"computed":true},"load_balancer_name":{"type":"string","description_kind":"plain","required":true},"load_balancer_sticky_cookie_policies":{"type":["list",["object",{"policy_name":"string"}]],"description_kind":"plain","computed":true},"load_balancer_type":{"type":"string","description_kind":"plain","optional":true,"computed":true},"net_id":{"type":"string","description_kind":"plain","computed":true},"public_ip":{"type":"string","description_kind":"plain","optional":true,"computed":true},"request_id":{"type":"string","description_kind":"plain","computed":true},"secured_cookies":{"type":"bool","description_kind":"plain","optional":true,"computed":true},"security_groups":{"type":["set","string"],"description_kind":"plain","optional":true,"computed":true},"source_security_group":{"type":["map","string"],"description_kind":"plain","computed":true},"subnets":{"type":["list","string"],"description_kind":"plain","optional":true,"computed":true},"subregion_names":{"type":["list","string"],"description_kind":"plain","optional":true,"computed":true}},"block_types":{"listeners":{"nesting_mode":"set","block":{"attributes":{"backend_port":{"type":"number","description_kind":"plain","required":true},"backend_protocol":{"type":"string","description_kind":"plain","required":true},"load_balancer_port":{"type":"number","description_kind":"plain","required":true},"load_balancer_protocol":{"type":"string","description_kind":"plain","required":true},"policy_names":{"type":["list","string"],"description_kind":"plain","computed":true},"server_certificate_id":{"type":"string","description_kind":"plain","optional":true}},"description_kind":"plain"},"min_items":1},"tags":{"nesting_mode":"set","block":{"attributes":{"key":{"type":"string","description_kind":"plain","optional":true},"value":{"type":"string","description_kind":"plain","optional":true}},"description_kind":"plain"}}},"description_kind":"plain"}},"outscale_load_balancer_attributes":{"version":0,"block":{"attributes":{"application_sticky_cookie_policies":{"type":["list",["object",{"cookie_name":"string","policy_name":"string"}]],"description_kind":"plain","computed":true},"backend_vm_ids":{"type":["list","string"],"description_kind":"plain","computed":true},"dns_name":{"type":"string","description_kind":"plain","computed":true},"id":{"type":"string","description_kind":"plain","optional":true,"computed":true},"listeners":{"type":["list",["object",{"backend_port":"number","backend_protocol":"string","load_balancer_port":"number","load_balancer_protocol":"string","policy_names":["list","string"],"server_certificate_id":"string"}]],"description_kind":"plain","computed":true},"load_balancer_name":{"type":"string","description_kind":"plain","required":true},"load_balancer_port":{"type":"number","description_kind":"plain","optional":true},"load_balancer_sticky_cookie_policies":{"type":["list",["object",{"policy_name":"string"}]],"description_kind":"plain","computed":true},"load_balancer_type":{"type":"string","description_kind":"plain","computed":true},"policy_names":{"type":["list","string"],"description_kind":"plain","optional":true},"request_id":{"type":"string","description_kind":"plain","computed":true},"security_groups":{"type":["list","string"],"description_kind":"plain","computed":true},"server_certificate_id":{"type":"string","description_kind":"plain","optional":true},"source_security_group":{"type":["map","string"],"description_kind":"plain","computed":true},"subnets":{"type":["list","string"],"description_kind":"plain","computed":true},"subregion_names":{"type":["list","string"],"description_kind":"plain","computed":true}},"block_types":{"access_log":{"nesting_mode":"list","block":{"attributes":{"is_enabled":{"type":"bool","description_kind":"plain","optional":true,"computed":true},"osu_bucket_name":{"type":"string","description_kind":"plain","optional":true},"osu_bucket_prefix":{"type":"string","description_kind":"plain","optional":true},"publication_interval":{"type":"number","description_kind":"plain","optional":true}},"description_kind":"plain"},"max_items":1},"health_check":{"nesting_mode":"list","block":{"attributes":{"check_interval":{"type":"number","description_kind":"plain","required":true},"healthy_threshold":{"type":"number","description_kind":"plain","required":true},"path":{"type":"string","description_kind":"plain","optional":true},"port":{"type":"number","description_kind":"plain","required":true},"protocol":{"type":"string","description_kind":"plain","required":true},"timeout":{"type":"number","description_kind":"plain","required":true},"unhealthy_threshold":{"type":"number","description_kind":"plain","required":true}},"description_kind":"plain"},"max_items":1},"tags":{"nesting_mode":"list","block":{"attributes":{"key":{"type":"string","description_kind":"plain","computed":true},"value":{"type":"string","description_kind":"plain","computed":true}},"description_kind":"plain"}}},"description_kind":"plain"}},"outscale_load_balancer_listener_rule":{"version":0,"block":{"attributes":{"id":{"type":"string","description_kind":"plain","optional":true,"computed":true},"request_id":{"type":"string","description_kind":"plain","computed":true},"vm_ids":{"type":["set","string"],"description_kind":"plain","required":true}},"block_types":{"listener":{"nesting_mode":"list","block":{"attributes":{"load_balancer_name":{"type":"string","description_kind":"plain","required":true},"load_balancer_port":{"type":"number","description_kind":"plain","required":true}},"description_kind":"plain"},"min_items":1,"max_items":1},"listener_rule":{"nesting_mode":"list","block":{"attributes":{"action":{"type":"string","description_kind":"plain","optional":true,"computed":true},"host_name_pattern":{"type":"string","description_kind":"plain","optional":true,"computed":true},"listener_id":{"type":"number","description_kind":"plain","computed":true},"listener_rule_id":{"type":"number","description_kind":"plain","computed":true},"listener_rule_name":{"type":"string","description_kind":"plain","required":true},"path_pattern":{"type":"string","description_kind":"plain","optional":true,"computed":true},"priority":{"type":"number","description_kind":"plain","required":true}},"description_kind":"plain"},"min_items":1,"max_items":1}},"description_kind":"plain"}},"outscale_load_balancer_policy":{"version":0,"block":{"attributes":{"access_log":{"type":["map","string"],"description_kind":"plain","computed":true},"application_sticky_cookie_policies":{"type":["list",["object",{"cookie_name":"string","policy_name":"string"}]],"description_kind":"plain","computed":true},"backend_vm_ids":{"type":["list","string"],"description_kind":"plain","optional":true,"computed":true},"cookie_expiration_period":{"type":"number","description_kind":"plain","optional":true,"computed":true},"cookie_name":{"type":"string","description_kind":"plain","optional":true,"computed":true},"dns_name":{"type":"string","description_kind":"plain","computed":true},"health_check":{"type":["map","string"],"description_kind":"plain","computed":true},"id":{"type":"string","description_kind":"plain","optional":true,"computed":true},"listeners":{"type":["list",["object",{"backend_port":"number","backend_protocol":"string","load_balancer_port":"number","load_balancer_protocol":"string","policy_names":["list","string"],"server_certificate_id":"string"}]],"description_kind":"plain","computed":true},"load_balancer_name":{"type":"string","description_kind":"plain","required":true},"load_balancer_sticky_cookie_policies":{"type":["list",["object",{"policy_name":"string"}]],"description_kind":"plain","computed":true},"load_balancer_type":{"type":"string","description_kind":"plain","optional":true,"computed":true},"net_id":{"type":"string","description_kind":"plain","computed":true},"policy_name":{"type":"string","description_kind":"plain","required":true},"policy_type":{"type":"string","description_kind":"plain","required":true},"public_ip":{"type":"string","description_kind":"plain","computed":true},"request_id":{"type":"string","description_kind":"plain","computed":true},"secured_cookies":{"type":"bool","description_kind":"plain","computed":true},"security_groups":{"type":["set","string"],"description_kind":"plain","optional":true,"computed":true},"source_security_group":{"type":["map","string"],"description_kind":"plain","computed":true},"subnets":{"type":["list","string"],"description_kind":"plain","optional":true,"computed":true},"subregion_names":{"type":["list","string"],"description_kind":"plain","optional":true,"computed":true}},"block_types":{"tags":{"nesting_mode":"list","block":{"attributes":{"key":{"type":"string","description_kind":"plain","computed":true},"value":{"type":"string","description_kind":"plain","computed":true}},"description_kind":"plain"}}},"description_kind":"plain"}},"outscale_load_balancer_vms":{"version":0,"block":{"attributes":{"backend_vm_ids":{"type":["list","string"],"description_kind":"plain","required":true},"id":{"type":"string","description_kind":"plain","optional":true,"computed":true},"load_balancer_name":{"type":"string","description_kind":"plain","required":true},"request_id":{"type":"string","description_kind":"plain","computed":true}},"description_kind":"plain"}},"outscale_nat_service":{"version":0,"block":{"attributes":{"id":{"type":"string","description_kind":"plain","optional":true,"computed":true},"nat_service_id":{"type":"string","description_kind":"plain","computed":true},"net_id":{"type":"string","description_kind":"plain","computed":true},"public_ip_id":{"type":"string","description_kind":"plain","required":true},"public_ips":{"type":["list",["object",{"public_ip":"string","public_ip_id":"string"}]],"description_kind":"plain","computed":true},"request_id":{"type":"string","description_kind":"plain","computed":true},"state":{"type":"string","description_kind":"plain","computed":true},"subnet_id":{"type":"string","description_kind":"plain","required":true}},"block_types":{"tags":{"nesting_mode":"set","block":{"attributes":{"key":{"type":"string","description_kind":"plain","optional":true,"computed":true},"value":{"type":"string","description_kind":"plain","optional":true,"computed":true}},"description_kind":"plain"}}},"description_kind":"plain"}},"outscale_net":{"version":0,"block":{"attributes":{"dhcp_options_set_id":{"type":"string","description_kind":"plain","computed":true},"id":{"type":"string","description_kind":"plain","optional":true,"computed":true},"ip_range":{"type":"string","description_kind":"plain","required":true},"net_id":{"type":"string","description_kind":"plain","computed":true},"request_id":{"type":"string","description_kind":"plain","computed":true},"state":{"type":"string","description_kind":"plain","computed":true},"tenancy":{"type":"string","description_kind":"plain","optional":true,"computed":true}},"block_types":{"tags":{"nesting_mode":"set","block":{"attributes":{"key":{"type":"string","description_kind":"plain","optional":true,"computed":true},"value":{"type":"string","description_kind":"plain","optional":true,"computed":true}},"description_kind":"plain"}}},"description_kind":"plain"}},"outscale_net_access_point":{"version":0,"block":{"attributes":{"id":{"type":"string","description_kind":"plain","optional":true,"computed":true},"net_access_point_id":{"type":"string","description_kind":"plain","computed":true},"net_id":{"type":"string","description_kind":"plain","required":true},"request_id":{"type":"string","description_kind":"plain","computed":true},"route_table_ids":{"type":["set","string"],"description_kind":"plain","optional":true},"service_name":{"type":"string","description_kind":"plain","required":true},"state":{"type":"string","description_kind":"plain","computed":true}},"block_types":{"tags":{"nesting_mode":"set","block":{"attributes":{"key":{"type":"string","description_kind":"plain","optional":true,"computed":true},"value":{"type":"string","description_kind":"plain","optional":true,"computed":true}},"description_kind":"plain"}}},"description_kind":"plain"}},"outscale_net_attributes":{"version":0,"block":{"attributes":{"dhcp_options_set_id":{"type":"string","description_kind":"plain","optional":true,"computed":true},"id":{"type":"string","description_kind":"plain","optional":true,"computed":true},"ip_range":{"type":"string","description_kind":"plain","computed":true},"net_id":{"type":"string","description_kind":"plain","required":true},"request_id":{"type":"string","description_kind":"plain","computed":true},"state":{"type":"string","description_kind":"plain","computed":true},"tags":{"type":["set",["object",{"key":"string","value":"string"}]],"description_kind":"plain","computed":true},"tenancy":{"type":"string","description_kind":"plain","computed":true}},"description_kind":"plain"}},"outscale_net_peering":{"version":0,"block":{"attributes":{"accepter_net":{"type":["map","string"],"description_kind":"plain","computed":true},"accepter_net_id":{"type":"string","description_kind":"plain","required":true},"id":{"type":"string","description_kind":"plain","optional":true,"computed":true},"net_peering_id":{"type":"string","description_kind":"plain","computed":true},"request_id":{"type":"string","description_kind":"plain","computed":true},"source_net":{"type":["map","string"],"description_kind":"plain","computed":true},"source_net_account_id":{"type":"string","description_kind":"plain","optional":true,"computed":true},"source_net_id":{"type":"string","description_kind":"plain","required":true},"state":{"type":["map","string"],"description_kind":"plain","computed":true}},"block_types":{"tags":{"nesting_mode":"set","block":{"attributes":{"key":{"type":"string","description_kind":"plain","optional":true,"computed":true},"value":{"type":"string","description_kind":"plain","optional":true,"computed":true}},"description_kind":"plain"}}},"description_kind":"plain"}},"outscale_net_peering_acceptation":{"version":0,"block":{"attributes":{"accepter_net":{"type":["map","string"],"description_kind":"plain","computed":true},"accepter_net_id":{"type":"string","description_kind":"plain","computed":true},"id":{"type":"string","description_kind":"plain","optional":true,"computed":true},"net_peering_id":{"type":"string","description_kind":"plain","required":true},"request_id":{"type":"string","description_kind":"plain","computed":true},"source_net":{"type":["map","string"],"description_kind":"plain","computed":true},"source_net_id":{"type":"string","description_kind":"plain","computed":true},"state":{"type":["map","string"],"description_kind":"plain","computed":true},"tags":{"type":["set",["object",{"key":"string","value":"string"}]],"description_kind":"plain","computed":true}},"description_kind":"plain"}},"outscale_nic":{"version":0,"block":{"attributes":{"account_id":{"type":"string","description_kind":"plain","computed":true},"description":{"type":"string","description_kind":"plain","optional":true,"computed":true},"id":{"type":"string","description_kind":"plain","optional":true,"computed":true},"is_source_dest_checked":{"type":"bool","description_kind":"plain","computed":true},"link_nic":{"type":["map","string"],"description_kind":"plain","computed":true},"link_public_ip":{"type":["map","string"],"description_kind":"plain","computed":true},"mac_address":{"type":"string","description_kind":"plain","computed":true},"net_id":{"type":"string","description_kind":"plain","computed":true},"nic_id":{"type":"string","description_kind":"plain","computed":true},"private_dns_name":{"type":"string","description_kind":"plain","computed":true},"private_ip":{"type":"string","description_kind":"plain","optional":true,"computed":true},"request_id":{"type":"string","description_kind":"plain","computed":true},"requester_managed":{"type":"bool","description_kind":"plain","computed":true},"security_group_ids":{"type":["list","string"],"description_kind":"plain","optional":true},"security_groups":{"type":["list",["object",{"security_group_id":"string","security_group_name":"string"}]],"description_kind":"plain","computed":true},"state":{"type":"string","description_kind":"plain","computed":true},"subnet_id":{"type":"string","description_kind":"plain","required":true},"subregion_name":{"type":"string","description_kind":"plain","computed":true}},"block_types":{"private_ips":{"nesting_mode":"set","block":{"attributes":{"is_primary":{"type":"bool","description_kind":"plain","optional":true,"computed":true},"link_public_ip":{"type":["map","string"],"description_kind":"plain","computed":true},"private_dns_name":{"type":"string","description_kind":"plain","computed":true},"private_ip":{"type":"string","description_kind":"plain","optional":true,"computed":true}},"description_kind":"plain"}},"tags":{"nesting_mode":"set","block":{"attributes":{"key":{"type":"string","description_kind":"plain","optional":true,"computed":true},"value":{"type":"string","description_kind":"plain","optional":true,"computed":true}},"description_kind":"plain"}},"timeouts":{"nesting_mode":"single","block":{"attributes":{"create":{"type":"string","description_kind":"plain","optional":true},"delete":{"type":"string","description_kind":"plain","optional":true}},"description_kind":"plain"}}},"description_kind":"plain"}},"outscale_nic_link":{"version":0,"block":{"attributes":{"delete_on_vm_deletion":{"type":"bool","description_kind":"plain","computed":true},"device_number":{"type":"number","description_kind":"plain","required":true},"id":{"type":"string","description_kind":"plain","optional":true,"computed":true},"link_nic_id":{"type":"string","description_kind":"plain","computed":true},"nic_id":{"type":"string","description_kind":"plain","required":true},"request_id":{"type":"string","description_kind":"plain","computed":true},"state":{"type":"string","description_kind":"plain","computed":true},"vm_account_id":{"type":"string","description_kind":"plain","computed":true},"vm_id":{"type":"string","description_kind":"plain","required":true}},"description_kind":"plain"}},"outscale_nic_private_ip":{"version":0,"block":{"attributes":{"allow_relink":{"type":"bool","description_kind":"plain","optional":true},"id":{"type":"string","description_kind":"plain","optional":true,"computed":true},"nic_id":{"type":"string","description_kind":"plain","required":true},"primary_private_ip":{"type":"string","description_kind":"plain","computed":true},"private_ips":{"type":["list","string"],"description_kind":"plain","optional":true},"request_id":{"type":"string","description_kind":"plain","computed":true},"secondary_private_ip_count":{"type":"number","description_kind":"plain","optional":true,"computed":true}},"description_kind":"plain"}},"outscale_outbound_rule":{"version":0,"block":{"attributes":{"flow":{"type":"string","description_kind":"plain","required":true},"from_port_range":{"type":"number","description_kind":"plain","optional":true},"id":{"type":"string","description_kind":"plain","optional":true,"computed":true},"ip_protocol":{"type":"string","description_kind":"plain","optional":true},"ip_range":{"type":"string","description_kind":"plain","optional":true},"net_id":{"type":"string","description_kind":"plain","computed":true},"request_id":{"type":"string","description_kind":"plain","computed":true},"security_group_account_id_to_link":{"type":"string","description_kind":"plain","optional":true},"security_group_id":{"type":"string","description_kind":"plain","required":true},"security_group_name":{"type":"string","description_kind":"plain","computed":true},"security_group_name_to_link":{"type":"string","description_kind":"plain","optional":true},"to_port_range":{"type":"number","description_kind":"plain","optional":true}},"block_types":{"inbound_rules":{"nesting_mode":"list","block":{"attributes":{"from_port_range":{"type":"number","description_kind":"plain","computed":true},"ip_protocol":{"type":"string","description_kind":"plain","optional":true},"ip_ranges":{"type":["list","string"],"description_kind":"plain","computed":true},"service_ids":{"type":["list","string"],"description_kind":"plain","computed":true},"to_port_range":{"type":"number","description_kind":"plain","computed":true}},"block_types":{"security_groups_members":{"nesting_mode":"list","block":{"attributes":{"account_id":{"type":"string","description_kind":"plain","computed":true},"security_group_id":{"type":"string","description_kind":"plain","computed":true},"security_group_name":{"type":"string","description_kind":"plain","computed":true}},"description_kind":"plain"}}},"description_kind":"plain"}},"outbound_rules":{"nesting_mode":"list","block":{"attributes":{"from_port_range":{"type":"number","description_kind":"plain","computed":true},"ip_protocol":{"type":"string","description_kind":"plain","optional":true},"ip_ranges":{"type":["list","string"],"description_kind":"plain","computed":true},"service_ids":{"type":["list","string"],"description_kind":"plain","computed":true},"to_port_range":{"type":"number","description_kind":"plain","computed":true}},"block_types":{"security_groups_members":{"nesting_mode":"list","block":{"attributes":{"account_id":{"type":"string","description_kind":"plain","computed":true},"security_group_id":{"type":"string","description_kind":"plain","computed":true},"security_group_name":{"type":"string","description_kind":"plain","computed":true}},"description_kind":"plain"}}},"description_kind":"plain"}},"rules":{"nesting_mode":"list","block":{"attributes":{"from_port_range":{"type":"number","description_kind":"plain","optional":true},"ip_protocol":{"type":"string","description_kind":"plain","optional":true,"computed":true},"ip_ranges":{"type":["list","string"],"description_kind":"plain","optional":true},"service_ids":{"type":["list","string"],"description_kind":"plain","optional":true},"to_port_range":{"type":"number","description_kind":"plain","optional":true}},"block_types":{"security_groups_members":{"nesting_mode":"list","block":{"attributes":{"account_id":{"type":"string","description_kind":"plain","optional":true},"security_group_id":{"type":"string","description_kind":"plain","optional":true},"security_group_name":{"type":"string","description_kind":"plain","optional":true}},"description_kind":"plain"}}},"description_kind":"plain"}}},"description_kind":"plain"}},"outscale_public_ip":{"version":0,"block":{"attributes":{"id":{"type":"string","description_kind":"plain","optional":true,"computed":true},"link_public_ip_id":{"type":"string","description_kind":"plain","computed":true},"nic_account_id":{"type":"string","description_kind":"plain","computed":true},"nic_id":{"type":"string","description_kind":"plain","computed":true},"private_ip":{"type":"string","description_kind":"plain","computed":true},"public_ip":{"type":"string","description_kind":"plain","computed":true},"public_ip_id":{"type":"string","description_kind":"plain","computed":true},"request_id":{"type":"string","description_kind":"plain","computed":true},"vm_id":{"type":"string","description_kind":"plain","computed":true}},"block_types":{"tags":{"nesting_mode":"set","block":{"attributes":{"key":{"type":"string","description_kind":"plain","optional":true,"computed":true},"value":{"type":"string","description_kind":"plain","optional":true,"computed":true}},"description_kind":"plain"}},"timeouts":{"nesting_mode":"single","block":{"attributes":{"create":{"type":"string","description_kind":"plain","optional":true},"delete":{"type":"string","description_kind":"plain","optional":true}},"description_kind":"plain"}}},"description_kind":"plain"}},"outscale_public_ip_link":{"version":0,"block":{"attributes":{"allow_relink":{"type":"bool","description_kind":"plain","optional":true},"id":{"type":"string","description_kind":"plain","optional":true,"computed":true},"link_public_ip_id":{"type":"string","description_kind":"plain","computed":true},"nic_account_id":{"type":"string","description_kind":"plain","computed":true},"nic_id":{"type":"string","description_kind":"plain","optional":true,"computed":true},"private_ip":{"type":"string","description_kind":"plain","optional":true,"computed":true},"public_ip":{"type":"string","description_kind":"plain","optional":true,"computed":true},"public_ip_id":{"type":"string","description_kind":"plain","optional":true,"computed":true},"request_id":{"type":"string","description_kind":"plain","computed":true},"tags":{"type":["set",["object",{"key":"string","value":"string"}]],"description_kind":"plain","computed":true},"vm_id":{"type":"string","description_kind":"plain","optional":true,"computed":true}},"block_types":{"timeouts":{"nesting_mode":"single","block":{"attributes":{"create":{"type":"string","description_kind":"plain","optional":true},"delete":{"type":"string","description_kind":"plain","optional":true}},"description_kind":"plain"}}},"description_kind":"plain"}},"outscale_route":{"version":0,"block":{"attributes":{"await_active_state":{"type":"bool","description_kind":"plain","optional":true},"creation_method":{"type":"string","description_kind":"plain","computed":true},"destination_ip_range":{"type":"string","description_kind":"plain","required":true},"destination_service_id":{"type":"string","description_kind":"plain","computed":true},"gateway_id":{"type":"string","description_kind":"plain","optional":true},"id":{"type":"string","description_kind":"plain","optional":true,"computed":true},"nat_access_point":{"type":"string","description_kind":"plain","computed":true},"nat_service_id":{"type":"string","description_kind":"plain","optional":true},"net_peering_id":{"type":"string","description_kind":"plain","optional":true},"nic_id":{"type":"string","description_kind":"plain","optional":true,"computed":true},"request_id":{"type":"string","description_kind":"plain","computed":true},"route_table_id":{"type":"string","description_kind":"plain","required":true},"state":{"type":"string","description_kind":"plain","computed":true},"vm_account_id":{"type":"string","description_kind":"plain","computed":true},"vm_id":{"type":"string","description_kind":"plain","optional":true,"computed":true}},"description_kind":"plain"}},"outscale_route_table":{"version":0,"block":{"attributes":{"id":{"type":"string","description_kind":"plain","optional":true,"computed":true},"link_route_tables":{"type":["list",["object",{"link_route_table_id":"string","main":"bool","route_table_id":"string","route_table_to_subnet_link_id":"string","subnet_id":"string"}]],"description_kind":"plain","computed":true},"net_id":{"type":"string","description_kind":"plain","required":true},"request_id":{"type":"string","description_kind":"plain","computed":true},"route_propagating_virtual_gateways":{"type":["list",["object",{"virtual_gateway_id":"string"}]],"description_kind":"plain","computed":true},"route_table_id":{"type":"string","description_kind":"plain","computed":true},"routes":{"type":["list",["object",{"creation_method":"string","destination_ip_range":"string","destination_service_id":"string","gateway_id":"string","nat_service_id":"string","net_access_point_id":"string","net_peering_id":"string","nic_id":"string","state":"string","vm_account_id":"string","vm_id":"string"}]],"description_kind":"plain","computed":true}},"block_types":{"tags":{"nesting_mode":"set","block":{"attributes":{"key":{"type":"string","description_kind":"plain","optional":true,"computed":true},"value":{"type":"string","description_kind":"plain","optional":true,"computed":true}},"description_kind":"plain"}}},"description_kind":"plain"}},"outscale_route_table_link":{"version":0,"block":{"attributes":{"id":{"type":"string","description_kind":"plain","optional":true,"computed":true},"link_route_table_id":{"type":"string","description_kind":"plain","computed":true},"main":{"type":"bool","description_kind":"plain","computed":true},"request_id":{"type":"string","description_kind":"plain","computed":true},"route_table_id":{"type":"string","description_kind":"plain","required":true},"subnet_id":{"type":"string","description_kind":"plain","required":true}},"description_kind":"plain"}},"outscale_security_group":{"version":0,"block":{"attributes":{"account_id":{"type":"string","description_kind":"plain","computed":true},"description":{"type":"string","description_kind":"plain","optional":true},"id":{"type":"string","description_kind":"plain","optional":true,"computed":true},"inbound_rules":{"type":["list",["object",{"from_port_range":"number","ip_protocol":"string","ip_ranges":["list","string"],"security_groups_members":["list",["map","string"]],"to_port_range":"number"}]],"description_kind":"plain","computed":true},"net_id":{"type":"string","description_kind":"plain","optional":true,"computed":true},"outbound_rules":{"type":["list",["object",{"from_port_range":"number","ip_protocol":"string","ip_ranges":["list","string"],"security_groups_members":["list",["map","string"]],"to_port_range":"number"}]],"description_kind":"plain","computed":true},"remove_default_outbound_rule":{"type":"bool","description_kind":"plain","optional":true},"request_id":{"type":"string","description_kind":"plain","computed":true},"security_group_id":{"type":"string","description_kind":"plain","computed":true},"security_group_name":{"type":"string","description_kind":"plain","optional":true,"computed":true},"tag":{"type":["map","string"],"description_kind":"plain","optional":true}},"block_types":{"tags":{"nesting_mode":"set","block":{"attributes":{"key":{"type":"string","description_kind":"plain","optional":true,"computed":true},"value":{"type":"string","description_kind":"plain","optional":true,"computed":true}},"description_kind":"plain"}}},"description_kind":"plain"}},"outscale_security_group_rule":{"version":0,"block":{"attributes":{"flow":{"type":"string","description_kind":"plain","required":true},"from_port_range":{"type":"number","description_kind":"plain","optional":true},"id":{"type":"string","description_kind":"plain","optional":true,"computed":true},"ip_protocol":{"type":"string","description_kind":"plain","optional":true},"ip_range":{"type":"string","description_kind":"plain","optional":true},"net_id":{"type":"string","description_kind":"plain","computed":true},"request_id":{"type":"string","description_kind":"plain","computed":true},"security_group_account_id_to_link":{"type":"string","description_kind":"plain","optional":true},"security_group_id":{"type":"string","description_kind":"plain","required":true},"security_group_name":{"type":"string","description_kind":"plain","computed":true},"security_group_name_to_link":{"type":"string","description_kind":"plain","optional":true},"to_port_range":{"type":"number","description_kind":"plain","optional":true}},"block_types":{"inbound_rules":{"nesting_mode":"list","block":{"attributes":{"from_port_range":{"type":"number","description_kind":"plain","computed":true},"ip_protocol":{"type":"string","description_kind":"plain","optional":true},"ip_ranges":{"type":["list","string"],"description_kind":"plain","computed":true},"service_ids":{"type":["list","string"],"description_kind":"plain","computed":true},"to_port_range":{"type":"number","description_kind":"plain","computed":true}},"block_types":{"security_groups_members":{"nesting_mode":"list","block":{"attributes":{"account_id":{"type":"string","description_kind":"plain","computed":true},"security_group_id":{"type":"string","description_kind":"plain","computed":true},"security_group_name":{"type":"string","description_kind":"plain","computed":true}},"description_kind":"plain"}}},"description_kind":"plain"}},"outbound_rules":{"nesting_mode":"list","block":{"attributes":{"from_port_range":{"type":"number","description_kind":"plain","computed":true},"ip_protocol":{"type":"string","description_kind":"plain","optional":true},"ip_ranges":{"type":["list","string"],"description_kind":"plain","computed":true},"service_ids":{"type":["list","string"],"description_kind":"plain","computed":true},"to_port_range":{"type":"number","description_kind":"plain","computed":true}},"block_types":{"security_groups_members":{"nesting_mode":"list","block":{"attributes":{"account_id":{"type":"string","description_kind":"plain","computed":true},"security_group_id":{"type":"string","description_kind":"plain","computed":true},"security_group_name":{"type":"string","description_kind":"plain","computed":true}},"description_kind":"plain"}}},"description_kind":"plain"}},"rules":{"nesting_mode":"list","block":{"attributes":{"from_port_range":{"type":"number","description_kind":"plain","optional":true},"ip_protocol":{"type":"string","description_kind":"plain","optional":true,"computed":true},"ip_ranges":{"type":["list","string"],"description_kind":"plain","optional":true},"service_ids":{"type":["list","string"],"description_kind":"plain","optional":true},"to_port_range":{"type":"number","description_kind":"plain","optional":true}},"block_types":{"security_groups_members":{"nesting_mode":"list","block":{"attributes":{"account_id":{"type":"string","description_kind":"plain","optional":true},"security_group_id":{"type":"string","description_kind":"plain","optional":true},"security_group_name":{"type":"string","description_kind":"plain","optional":true}},"description_kind":"plain"}}},"description_kind":"plain"}}},"description_kind":"plain"}},"outscale_server_certificate":{"version":0,"block":{"attributes":{"body":{"type":"string","description_kind":"plain","optional":true},"chain":{"type":"string","description_kind":"plain","optional":true},"dry_run":{"type":"string","description_kind":"plain","optional":true},"expiration_date":{"type":"string","description_kind":"plain","computed":true},"id":{"type":"string","description_kind":"plain","optional":true,"computed":true},"name":{"type":"string","description_kind":"plain","required":true},"orn":{"type":"string","description_kind":"plain","computed":true},"path":{"type":"string","description_kind":"plain","optional":true,"computed":true},"private_key":{"type":"string","description_kind":"plain","optional":true},"request_id":{"type":"string","description_kind":"plain","computed":true},"upload_date":{"type":"string","description_kind":"plain","computed":true}},"description_kind":"plain"}},"outscale_snapshot":{"version":0,"block":{"attributes":{"account_alias":{"type":"string","description_kind":"plain","computed":true},"account_id":{"type":"string","description_kind":"plain","computed":true},"creation_date":{"type":"string","description_kind":"plain","computed":true},"description":{"type":"string","description_kind":"plain","optional":true,"computed":true},"file_location":{"type":"string","description_kind":"plain","optional":true,"computed":true},"id":{"type":"string","description_kind":"plain","optional":true,"computed":true},"permissions_to_create_volume":{"type":["list",["object",{"account_id":"string","global_permission":"bool"}]],"description_kind":"plain","computed":true},"progress":{"type":"number","description_kind":"plain","computed":true},"request_id":{"type":"string","description_kind":"plain","computed":true},"snapshot_id":{"type":"string","description_kind":"plain","computed":true},"snapshot_size":{"type":"number","description_kind":"plain","optional":true,"computed":true},"source_region_name":{"type":"string","description_kind":"plain","optional":true,"computed":true},"source_snapshot_id":{"type":"string","description_kind":"plain","optional":true,"computed":true},"state":{"type":"string","description_kind":"plain","computed":true},"volume_id":{"type":"string","description_kind":"plain","optional":true,"computed":true},"volume_size":{"type":"number","description_kind":"plain","computed":true}},"block_types":{"tags":{"nesting_mode":"set","block":{"attributes":{"key":{"type":"string","description_kind":"plain","optional":true,"computed":true},"value":{"type":"string","description_kind":"plain","optional":true,"computed":true}},"description_kind":"plain"}}},"description_kind":"plain"}},"outscale_snapshot_attributes":{"version":0,"block":{"attributes":{"account_id":{"type":"string","description_kind":"plain","computed":true},"id":{"type":"string","description_kind":"plain","optional":true,"computed":true},"request_id":{"type":"string","description_kind":"plain","computed":true},"snapshot_id":{"type":"string","description_kind":"plain","required":true}},"block_types":{"permissions_to_create_volume_additions":{"nesting_mode":"list","block":{"attributes":{"account_ids":{"type":["list","string"],"description_kind":"plain","optional":true},"global_permission":{"type":"bool","description_kind":"plain","optional":true}},"description_kind":"plain"},"max_items":1},"permissions_to_create_volume_removals":{"nesting_mode":"list","block":{"attributes":{"account_ids":{"type":["list","string"],"description_kind":"plain","optional":true},"global_permission":{"type":"bool","description_kind":"plain","optional":true}},"description_kind":"plain"}}},"description_kind":"plain"}},"outscale_snapshot_export_task":{"version":0,"block":{"attributes":{"comment":{"type":"string","description_kind":"plain","computed":true},"id":{"type":"string","description_kind":"plain","optional":true,"computed":true},"progress":{"type":"number","description_kind":"plain","computed":true},"request_id":{"type":"string","description_kind":"plain","computed":true},"snapshot_id":{"type":"string","description_kind":"plain","required":true},"state":{"type":"string","description_kind":"plain","computed":true},"task_id":{"type":"string","description_kind":"plain","computed":true}},"block_types":{"osu_export":{"nesting_mode":"list","block":{"attributes":{"disk_image_format":{"type":"string","description_kind":"plain","required":true},"osu_bucket":{"type":"string","description_kind":"plain","required":true},"osu_prefix":{"type":"string","description_kind":"plain","optional":true,"computed":true}},"block_types":{"osu_api_key":{"nesting_mode":"list","block":{"attributes":{"api_key_id":{"type":"string","description_kind":"plain","required":true},"secret_key":{"type":"string","description_kind":"plain","required":true}},"description_kind":"plain"}}},"description_kind":"plain"},"min_items":1},"tags":{"nesting_mode":"set","block":{"attributes":{"key":{"type":"string","description_kind":"plain","optional":true,"computed":true},"value":{"type":"string","description_kind":"plain","optional":true,"computed":true}},"description_kind":"plain"}},"timeouts":{"nesting_mode":"single","block":{"attributes":{"create":{"type":"string","description_kind":"plain","optional":true},"delete":{"type":"string","description_kind":"plain","optional":true}},"description_kind":"plain"}}},"description_kind":"plain"}},"outscale_subnet":{"version":0,"block":{"attributes":{"available_ips_count":{"type":"number","description_kind":"plain","computed":true},"id":{"type":"string","description_kind":"plain","optional":true,"computed":true},"ip_range":{"type":"string","description_kind":"plain","required":true},"map_public_ip_on_launch":{"type":"bool","description_kind":"plain","optional":true},"net_id":{"type":"string","description_kind":"plain","required":true},"request_id":{"type":"string","description_kind":"plain","computed":true},"state":{"type":"string","description_kind":"plain","computed":true},"subnet_id":{"type":"string","description_kind":"plain","computed":true},"subregion_name":{"type":"string","description_kind":"plain","optional":true,"computed":true}},"block_types":{"tags":{"nesting_mode":"set","block":{"attributes":{"key":{"type":"string","description_kind":"plain","optional":true,"computed":true},"value":{"type":"string","description_kind":"plain","optional":true,"computed":true}},"description_kind":"plain"}},"timeouts":{"nesting_mode":"single","block":{"attributes":{"create":{"type":"string","description_kind":"plain","optional":true},"delete":{"type":"string","description_kind":"plain","optional":true}},"description_kind":"plain"}}},"description_kind":"plain"}},"outscale_tag":{"version":0,"block":{"attributes":{"id":{"type":"string","description_kind":"plain","optional":true,"computed":true},"request_id":{"type":"string","description_kind":"plain","computed":true},"resource_ids":{"type":["set","string"],"description_kind":"plain","optional":true},"tags":{"type":["set",["object",{"key":"string","resource_id":"string","resource_type":"string","value":"string"}]],"description_kind":"plain","computed":true}},"block_types":{"tag":{"nesting_mode":"set","block":{"attributes":{"key":{"type":"string","description_kind":"plain","optional":true,"computed":true},"value":{"type":"string","description_kind":"plain","optional":true,"computed":true}},"description_kind":"plain"}},"timeouts":{"nesting_mode":"single","block":{"attributes":{"create":{"type":"string","description_kind":"plain","optional":true},"delete":{"type":"string","description_kind":"plain","optional":true}},"description_kind":"plain"}}},"description_kind":"plain"}},"outscale_virtual_gateway":{"version":0,"block":{"attributes":{"connection_type":{"type":"string","description_kind":"plain","required":true},"id":{"type":"string","description_kind":"plain","optional":true,"computed":true},"request_id":{"type":"string","description_kind":"plain","optional":true,"computed":true},"state":{"type":"string","description_kind":"plain","optional":true,"computed":true},"virtual_gateway_id":{"type":"string","description_kind":"plain","optional":true,"computed":true}},"block_types":{"net_to_virtual_gateway_links":{"nesting_mode":"list","block":{"attributes":{"net_id":{"type":"string","description_kind":"plain","computed":true},"state":{"type":"string","description_kind":"plain","computed":true}},"description_kind":"plain"}},"tags":{"nesting_mode":"set","block":{"attributes":{"key":{"type":"string","description_kind":"plain","optional":true,"computed":true},"value":{"type":"string","description_kind":"plain","optional":true,"computed":true}},"description_kind":"plain"}}},"description_kind":"plain"}},"outscale_virtual_gateway_link":{"version":0,"block":{"attributes":{"dry_run":{"type":"string","description_kind":"plain","optional":true,"computed":true},"id":{"type":"string","description_kind":"plain","optional":true,"computed":true},"net_id":{"type":"string","description_kind":"plain","required":true},"net_to_virtual_gateway_links":{"type":["list",["object",{"net_id":"string","state":"string"}]],"description_kind":"plain","computed":true},"request_id":{"type":"string","description_kind":"plain","computed":true},"virtual_gateway_id":{"type":"string","description_kind":"plain","required":true}},"description_kind":"plain"}},"outscale_virtual_gateway_route_propagation":{"version":0,"block":{"attributes":{"enable":{"type":"bool","description_kind":"plain","required":true},"id":{"type":"string","description_kind":"plain","optional":true,"computed":true},"request_id":{"type":"string","description_kind":"plain","computed":true},"route_table_id":{"type":"string","description_kind":"plain","required":true},"virtual_gateway_id":{"type":"string","description_kind":"plain","required":true}},"description_kind":"plain"}},"outscale_vm":{"version":0,"block":{"attributes":{"admin_password":{"type":"string","description_kind":"plain","computed":true},"architecture":{"type":"string","description_kind":"plain","computed":true},"bsu_optimized":{"type":"bool","description_kind":"plain","optional":true,"computed":true},"client_token":{"type":"string","description_kind":"plain","computed":true},"creation_date":{"type":"string","description_kind":"plain","computed":true},"deletion_protection":{"type":"bool","description_kind":"plain","optional":true,"computed":true},"get_admin_password":{"type":"bool","description_kind":"plain","optional":true},"hypervisor":{"type":"string","description_kind":"plain","computed":true},"id":{"type":"string","description_kind":"plain","optional":true,"computed":true},"image_id":{"type":"string","description_kind":"plain","required":true},"is_source_dest_checked":{"type":"bool","description_kind":"plain","optional":true,"computed":true},"keypair_name":{"type":"string","description_kind":"plain","optional":true,"computed":true},"launch_number":{"type":"number","description_kind":"plain","computed":true},"nested_virtualization":{"type":"bool","description_kind":"plain","optional":true},"net_id":{"type":"string","description_kind":"plain","computed":true},"os_family":{"type":"string","description_kind":"plain","computed":true},"performance":{"type":"string","description_kind":"plain","optional":true,"computed":true},"placement_subregion_name":{"type":"string","description_kind":"plain","optional":true,"computed":true},"placement_tenancy":{"type":"string","description_kind":"plain","optional":true,"computed":true},"private_dns_name":{"type":"string","description_kind":"plain","computed":true},"private_ip":{"type":"string","description_kind":"plain","computed":true},"private_ips":{"type":["list","string"],"description_kind":"plain","optional":true},"product_codes":{"type":["list","string"],"description_kind":"plain","computed":true},"public_dns_name":{"type":"string","description_kind":"plain","computed":true},"public_ip":{"type":"string","description_kind":"plain","computed":true},"request_id":{"type":"string","description_kind":"plain","computed":true},"reservation_id":{"type":"string","description_kind":"plain","computed":true},"root_device_name":{"type":"string","description_kind":"plain","computed":true},"root_device_type":{"type":"string","description_kind":"plain","computed":true},"security_group_ids":{"type":["list","string"],"description_kind":"plain","optional":true},"security_group_names":{"type":["list","string"],"description_kind":"plain","optional":true},"security_groups":{"type":["list",["object",{"security_group_id":"string","security_group_name":"string"}]],"description_kind":"plain","computed":true},"state":{"type":"string","description_kind":"plain","optional":true},"state_reason":{"type":"string","description_kind":"plain","computed":true},"subnet_id":{"type":"string","description_kind":"plain","optional":true,"computed":true},"user_data":{"type":"string","description_kind":"plain","optional":true},"vm_id":{"type":"string","description_kind":"plain","optional":true,"computed":true},"vm_initiated_shutdown_behavior":{"type":"string","description_kind":"plain","optional":true,"computed":true},"vm_type":{"type":"string","description_kind":"plain","optional":true,"computed":true}},"block_types":{"block_device_mappings":{"nesting_mode":"list","block":{"attributes":{"device_name":{"type":"string","description_kind":"plain","optional":true},"no_device":{"type":"string","description_kind":"plain","optional":true},"virtual_device_name":{"type":"string","description_kind":"plain","optional":true}},"block_types":{"bsu":{"nesting_mode":"list","block":{"attributes":{"delete_on_vm_deletion":{"type":"bool","description_kind":"plain","optional":true},"iops":{"type":"number","description_kind":"plain","optional":true},"snapshot_id":{"type":"string","description_kind":"plain","optional":true},"volume_size":{"type":"number","description_kind":"plain","optional":true},"volume_type":{"type":"string","description_kind":"plain","optional":true}},"description_kind":"plain"},"max_items":1}},"description_kind":"plain"}},"block_device_mappings_created":{"nesting_mode":"list","block":{"attributes":{"bsu":{"type":["map","string"],"description_kind":"plain","optional":true,"computed":true},"device_name":{"type":"string","description_kind":"plain","optional":true}},"description_kind":"plain"}},"nics":{"nesting_mode":"set","block":{"attributes":{"account_id":{"type":"string","description_kind":"plain","computed":true},"delete_on_vm_deletion":{"type":"bool","description_kind":"plain","optional":true,"computed":true},"description":{"type":"string","description_kind":"plain","optional":true,"computed":true},"device_number":{"type":"number","description_kind":"plain","required":true},"is_source_dest_checked":{"type":"bool","description_kind":"plain","computed":true},"link_nic":{"type":["list",["object",{"delete_on_vm_deletion":"bool","device_number":"string","link_nic_id":"string","state":"string"}]],"description_kind":"plain","computed":true},"link_public_ip":{"type":["set",["object",{"public_dns_name":"string","public_ip":"string","public_ip_account_id":"string"}]],"description_kind":"plain","computed":true},"mac_address":{"type":"string","description_kind":"plain","computed":true},"net_id":{"type":"string","description_kind":"plain","computed":true},"nic_id":{"type":"string","description_kind":"plain","optional":true,"computed":true},"private_dns_name":{"type":"string","description_kind":"plain","computed":true},"secondary_private_ip_count":{"type":"number","description_kind":"plain","optional":true,"computed":true},"security_group_ids":{"type":["list","string"],"description_kind":"plain","optional":true},"security_groups":{"type":["list",["object",{"security_group_id":"string","security_group_name":"string"}]],"description_kind":"plain","computed":true},"state":{"type":"string","description_kind":"plain","computed":true},"subnet_id":{"type":"string","description_kind":"plain","optional":true,"computed":true}},"block_types":{"private_ips":{"nesting_mode":"set","block":{"attributes":{"is_primary":{"type":"bool","description_kind":"plain","optional":true,"computed":true},"link_public_ip":{"type":["set",["object",{"public_dns_name":"string","public_ip":"string","public_ip_account_id":"string"}]],"description_kind":"plain","computed":true},"private_dns_name":{"type":"string","description_kind":"plain","computed":true},"private_ip":{"type":"string","description_kind":"plain","optional":true,"computed":true}},"description_kind":"plain"}}},"description_kind":"plain"}},"tags":{"nesting_mode":"set","block":{"attributes":{"key":{"type":"string","description_kind":"plain","optional":true,"computed":true},"value":{"type":"string","description_kind":"plain","optional":true,"computed":true}},"description_kind":"plain"}},"timeouts":{"nesting_mode":"single","block":{"attributes":{"create":{"type":"string","description_kind":"plain","optional":true},"delete":{"type":"string","description_kind":"plain","optional":true},"update":{"type":"string","description_kind":"plain","optional":true}},"description_kind":"plain"}}},"description_kind":"plain"}},"outscale_volume":{"version":0,"block":{"attributes":{"creation_date":{"type":"string","description_kind":"plain","computed":true},"id":{"type":"string","description_kind":"plain","optional":true,"computed":true},"iops":{"type":"number","description_kind":"plain","optional":true,"computed":true},"linked_volumes":{"type":["list",["object",{"delete_on_vm_deletion":"bool","device_name":"string","state":"string","vm_id":"string","volume_id":"string"}]],"description_kind":"plain","computed":true},"request_id":{"type":"string","description_kind":"plain","computed":true},"size":{"type":"number","description_kind":"plain","optional":true,"computed":true},"snapshot_id":{"type":"string","description_kind":"plain","optional":true,"computed":true},"state":{"type":"string","description_kind":"plain","computed":true},"subregion_name":{"type":"string","description_kind":"plain","required":true},"volume_id":{"type":"string","description_kind":"plain","computed":true},"volume_type":{"type":"string","description_kind":"plain","optional":true,"computed":true}},"block_types":{"tags":{"nesting_mode":"set","block":{"attributes":{"key":{"type":"string","description_kind":"plain","optional":true,"computed":true},"value":{"type":"string","description_kind":"plain","optional":true,"computed":true}},"description_kind":"plain"}}},"description_kind":"plain"}},"outscale_volumes_link":{"version":0,"block":{"attributes":{"delete_on_vm_termination":{"type":"bool","description_kind":"plain","optional":true},"device_name":{"type":"string","description_kind":"plain","required":true},"force_unlink":{"type":"bool","description_kind":"plain","optional":true,"computed":true},"id":{"type":"string","description_kind":"plain","optional":true,"computed":true},"request_id":{"type":"string","description_kind":"plain","computed":true},"state":{"type":"string","description_kind":"plain","computed":true},"vm_id":{"type":"string","description_kind":"plain","required":true},"volume_id":{"type":"string","description_kind":"plain","required":true}},"block_types":{"timeouts":{"nesting_mode":"single","block":{"attributes":{"create":{"type":"string","description_kind":"plain","optional":true},"delete":{"type":"string","description_kind":"plain","optional":true}},"description_kind":"plain"}}},"description_kind":"plain"}},"outscale_vpn_connection":{"version":0,"block":{"attributes":{"client_gateway_configuration":{"type":"string","description_kind":"plain","computed":true},"client_gateway_id":{"type":"string","description_kind":"plain","required":true},"connection_type":{"type":"string","description_kind":"plain","required":true},"id":{"type":"string","description_kind":"plain","optional":true,"computed":true},"request_id":{"type":"string","description_kind":"plain","computed":true},"routes":{"type":["list",["object",{"destination_ip_range":"string","route_type":"string","state":"string"}]],"description_kind":"plain","computed":true},"state":{"type":"string","description_kind":"plain","computed":true},"static_routes_only":{"type":"bool","description_kind":"plain","optional":true},"vgw_telemetries":{"type":["list",["object",{"accepted_route_count":"number","last_state_change_date":"string","outside_ip_address":"string","state":"string","state_description":"string"}]],"description_kind":"plain","computed":true},"virtual_gateway_id":{"type":"string","description_kind":"plain","required":true},"vpn_connection_id":{"type":"string","description_kind":"plain","computed":true}},"block_types":{"tags":{"nesting_mode":"set","block":{"attributes":{"key":{"type":"string","description_kind":"plain","optional":true,"computed":true},"value":{"type":"string","description_kind":"plain","optional":true,"computed":true}},"description_kind":"plain"}},"timeouts":{"nesting_mode":"single","block":{"attributes":{"create":{"type":"string","description_kind":"plain","optional":true},"delete":{"type":"string","description_kind":"plain","optional":true},"update":{"type":"string","description_kind":"plain","optional":true}},"description_kind":"plain"}}},"description_kind":"plain"}},"outscale_vpn_connection_route":{"version":0,"block":{"attributes":{"destination_ip_range":{"type":"string","description_kind":"plain","required":true},"id":{"type":"string","description_kind":"plain","optional":true,"computed":true},"request_id":{"type":"string","description_kind":"plain","computed":true},"vpn_connection_id":{"type":"string","description_kind":"plain","required":true}},"description_kind":"plain"}}},"data_source_schemas":{"outscale_access_key":{"version":0,"block":{"attributes":{"access_key_id":{"type":"string","description_kind":"plain","optional":true},"creation_date":{"type":"string","description_kind":"plain","computed":true},"expiration_date":{"type":"string","description_kind":"plain","computed":true},"id":{"type":"string","description_kind":"plain","optional":true,"computed":true},"last_modification_date":{"type":"string","description_kind":"plain","computed":true},"request_id":{"type":"string","description_kind":"plain","computed":true},"state":{"type":"string","description_kind":"plain","optional":true}},"block_types":{"filter":{"nesting_mode":"set","block":{"attributes":{"name":{"type":"string","description_kind":"plain","required":true},"values":{"type":["list","string"],"description_kind":"plain","required":true}},"description_kind":"plain"}}},"description_kind":"plain"}},"outscale_access_keys":{"version":0,"block":{"attributes":{"access_key_ids":{"type":["list","string"],"description_kind":"plain","optional":true},"access_keys":{"type":["list",["object",{"access_key_id":"string","creation_date":"string","expiration_date":"string","last_modification_date":"string","state":"string"}]],"description_kind":"plain","computed":true},"id":{"type":"string","description_kind":"plain","optional":true,"computed":true},"request_id":{"type":"string","description_kind":"plain","computed":true},"states":{"type":["list","string"],"description_kind":"plain","optional":true}},"block_types":{"filter":{"nesting_mode":"set","block":{"attributes":{"name":{"type":"string","description_kind":"plain","required":true},"values":{"type":["list","string"],"description_kind":"plain","required":true}},"description_kind":"plain"}}},"description_kind":"plain"}},"outscale_account":{"version":0,"block":{"attributes":{"account_id":{"type":"string","description_kind":"plain","computed":true},"additional_emails":{"type":["list","string"],"description_kind":"plain","computed":true},"city":{"type":"string","description_kind":"plain","computed":true},"company_name":{"type":"string","description_kind":"plain","computed":true},"country":{"type":"string","description_kind":"plain","computed":true},"customer_id":{"type":"string","description_kind":"plain","computed":true},"email":{"type":"string","description_kind":"plain","computed":true},"first_name":{"type":"string","description_kind":"plain","computed":true},"id":{"type":"string","description_kind":"plain","optional":true,"computed":true},"job_title":{"type":"string","description_kind":"plain","computed":true},"last_name":{"type":"string","description_kind":"plain","computed":true},"mobile_number":{"type":"string","description_kind":"plain","computed":true},"phone_number":{"type":"string","description_kind":"plain","computed":true},"request_id":{"type":"string","description_kind":"plain","computed":true},"state_province":{"type":"string","description_kind":"plain","computed":true},"vat_number":{"type":"string","description_kind":"plain","computed":true},"zip_code":{"type":"string","description_kind":"plain","computed":true}},"description_kind":"plain"}},"outscale_accounts":{"version":0,"block":{"attributes":{"accounts":{"type":["list",["object",{"account_id":"string","additional_emails":["list","string"],"city":"string","company_name":"string","country":"string","customer_id":"string","email":"string","first_name":"string","job_title":"string","last_name":"string","mobile_number":"string","phone_number":"string","state_province":"string","vat_number":"string","zip_code":"string"}]],"description_kind":"plain","computed":true},"id":{"type":"string","description_kind":"plain","optional":true,"computed":true},"request_id":{"type":"string","description_kind":"plain","computed":true}},"description_kind":"plain"}},"outscale_api_access_policy":{"version":0,"block":{"attributes":{"id":{"type":"string","description_kind":"plain","optional":true,"computed":true},"max_access_key_expiration_seconds":{"type":"number","description_kind":"plain","computed":true},"request_id":{"type":"string","description_kind":"plain","computed":true},"require_trusted_env":{"type":"bool","description_kind":"plain","computed":true}},"description_kind":"plain"}},"outscale_api_access_rule":{"version":0,"block":{"attributes":{"api_access_rule_id":{"type":"string","description_kind":"plain","computed":true},"ca_ids":{"type":["list","string"],"description_kind":"plain","computed":true},"cns":{"type":["list","string"],"description_kind":"plain","computed":true},"description":{"type":"string","description_kind":"plain","computed":true},"id":{"type":"string","description_kind":"plain","optional":true,"computed":true},"ip_ranges":{"type":["list","string"],"description_kind":"plain","computed":true},"request_id":{"type":"string","description_kind":"plain","computed":true}},"block_types":{"filter":{"nesting_mode":"set","block":{"attributes":{"name":{"type":"string","description_kind":"plain","required":true},"values":{"type":["list","string"],"description_kind":"plain","required":true}},"description_kind":"plain"}}},"description_kind":"plain"}},"outscale_api_access_rules":{"version":0,"block":{"attributes":{"api_access_rules":{"type":["list",["object",{"api_access_rule_id":"string","ca_ids":["list","string"],"cns":["list","string"],"description":"string","ip_ranges":["list","string"]}]],"description_kind":"plain","computed":true},"id":{"type":"string","description_kind":"plain","optional":true,"computed":true},"request_id":{"type":"string","description_kind":"plain","computed":true}},"block_types":{"filter":{"nesting_mode":"set","block":{"attributes":{"name":{"type":"string","description_kind":"plain","required":true},"values":{"type":["list","string"],"description_kind":"plain","required":true}},"description_kind":"plain"}}},"description_kind":"plain"}},"outscale_ca":{"version":0,"block":{"attributes":{"ca_fingerprint":{"type":"string","description_kind":"plain","computed":true},"ca_id":{"type":"string","description_kind":"plain","computed":true},"ca_pem":{"type":"string","description_kind":"plain","computed":true},"description":{"type":"string","description_kind":"plain","computed":true},"id":{"type":"string","description_kind":"plain","optional":true,"computed":true},"request_id":{"type":"string","description_kind":"plain","computed":true}},"block_types":{"filter":{"nesting_mode":"set","block":{"attributes":{"name":{"type":"string","description_kind":"plain","required":true},"values":{"type":["list","string"],"description_kind":"plain","required":true}},"description_kind":"plain"}}},"description_kind":"plain"}},"outscale_cas":{"version":0,"block":{"attributes":{"cas":{"type":["list",["object",{"ca_fingerprint":"string","ca_id":"string","description":"string"}]],"description_kind":"plain","computed":true},"id":{"type":"string","description_kind":"plain","optional":true,"computed":true},"request_id":{"type":"string","description_kind":"plain","computed":true}},"block_types":{"filter":{"nesting_mode":"set","block":{"attributes":{"name":{"type":"string","description_kind":"plain","required":true},"values":{"type":["list","string"],"description_kind":"plain","required":true}},"description_kind":"plain"}}},"description_kind":"plain"}},"outscale_client_gateway":{"version":0,"block":{"attributes":{"bgp_asn":{"type":"number","description_kind":"plain","computed":true},"client_gateway_id":{"type":"string","description_kind":"plain","optional":true},"connection_type":{"type":"string","description_kind":"plain","computed":true},"id":{"type":"string","description_kind":"plain","optional":true,"computed":true},"public_ip":{"type":"string","description_kind":"plain","computed":true},"request_id":{"type":"string","description_kind":"plain","computed":true},"state":{"type":"string","description_kind":"plain","computed":true},"tags":{"type":["list",["object",{"key":"string","value":"string"}]],"description_kind":"plain","computed":true}},"block_types":{"filter":{"nesting_mode":"set","block":{"attributes":{"name":{"type":"string","description_kind":"plain","required":true},"values":{"type":["list","string"],"description_kind":"plain","required":true}},"description_kind":"plain"}}},"description_kind":"plain"}},"outscale_client_gateways":{"version":0,"block":{"attributes":{"client_gateway_ids":{"type":["list","string"],"description_kind":"plain","optional":true},"client_gateways":{"type":["list",["object",{"bgp_asn":"number","client_gateway_id":"string","connection_type":"string","public_ip":"string","state":"string","tags":["list",["object",{"key":"string","value":"string"}]]}]],"description_kind":"plain","computed":true},"id":{"type":"string","description_kind":"plain","optional":true,"computed":true},"request_id":{"type":"string","description_kind":"plain","computed":true}},"block_types":{"filter":{"nesting_mode":"set","block":{"attributes":{"name":{"type":"string","description_kind":"plain","required":true},"values":{"type":["list","string"],"description_kind":"plain","required":true}},"description_kind":"plain"}}},"description_kind":"plain"}},"outscale_dhcp_option":{"version":0,"block":{"attributes":{"default":{"type":"bool","description_kind":"plain","computed":true},"dhcp_options_set_id":{"type":"string","description_kind":"plain","computed":true},"domain_name":{"type":"string","description_kind":"plain","computed":true},"domain_name_servers":{"type":["list","string"],"description_kind":"plain","computed":true},"id":{"type":"string","description_kind":"plain","optional":true,"computed":true},"log_servers":{"type":["list","string"],"description_kind":"plain","computed":true},"ntp_servers":{"type":["list","string"],"description_kind":"plain","computed":true},"request_id":{"type":"string","description_kind":"plain","computed":true},"tags":{"type":["list",["object",{"key":"string","value":"string"}]],"description_kind":"plain","computed":true}},"block_types":{"filter":{"nesting_mode":"set","block":{"attributes":{"name":{"type":"string","description_kind":"plain","required":true},"values":{"type":["list","string"],"description_kind":"plain","required":true}},"description_kind":"plain"}}},"description_kind":"plain"}},"outscale_dhcp_options":{"version":0,"block":{"attributes":{"dhcp_options":{"type":["list",["object",{"default":"bool","dhcp_options_set_id":"string","domain_name":"string","domain_name_servers":["list","string"],"log_servers":["list","string"],"ntp_servers":["list","string"],"tags":["list",["object",{"key":"string","value":"string"}]]}]],"description_kind":"plain","computed":true},"dhcp_options_set_ids":{"type":["list","string"],"description_kind":"plain","computed":true},"id":{"type":"string","description_kind":"plain","optional":true,"computed":true},"request_id":{"type":"string","description_kind":"plain","computed":true}},"block_types":{"filter":{"nesting_mode":"set","block":{"attributes":{"name":{"type":"string","description_kind":"plain","required":true},"values":{"type":["list","string"],"description_kind":"plain","required":true}},"description_kind":"plain"}}},"description_kind":"plain"}},"outscale_flexible_gpu":{"version":0,"block":{"attributes":{"delete_on_vm_deletion":{"type":"bool","description_kind":"plain","computed":true},"flexible_gpu_id":{"type":"string","description_kind":"plain","computed":true},"generation":{"type":"string","description_kind":"plain","computed":true},"id":{"type":"string","description_kind":"plain","optional":true,"computed":true},"model_name":{"type":"string","description_kind":"plain","computed":true},"request_id":{"type":"string","description_kind":"plain","computed":true},"state":{"type":"string","description_kind":"plain","computed":true},"subregion_name":{"type":"string","description_kind":"plain","computed":true},"vm_id":{"type":"string","description_kind":"plain","computed":true}},"block_types":{"filter":{"nesting_mode":"set","block":{"attributes":{"name":{"type":"string","description_kind":"plain","required":true},"values":{"type":["list","string"],"description_kind":"plain","required":true}},"description_kind":"plain"}}},"description_kind":"plain"}},"outscale_flexible_gpu_catalog":{"version":0,"block":{"attributes":{"flexible_gpu_catalog":{"type":["list",["object",{"generations":["list","string"],"max_cpu":"number","max_ram":"number","model_name":"string","v_ram":"number"}]],"description_kind":"plain","computed":true},"id":{"type":"string","description_kind":"plain","optional":true,"computed":true},"request_id":{"type":"string","description_kind":"plain","computed":true}},"block_types":{"filter":{"nesting_mode":"set","block":{"attributes":{"name":{"type":"string","description_kind":"plain","required":true},"values":{"type":["list","string"],"description_kind":"plain","required":true}},"description_kind":"plain"}}},"description_kind":"plain"}},"outscale_flexible_gpus":{"version":0,"block":{"attributes":{"flexible_gpus":{"type":["list",["object",{"delete_on_vm_deletion":"bool","flexible_gpu_id":"string","generation":"string","model_name":"string","state":"string","subregion_name":"string","vm_id":"string"}]],"description_kind":"plain","computed":true},"id":{"type":"string","description_kind":"plain","optional":true,"computed":true},"request_id":{"type":"string","description_kind":"plain","computed":true}},"block_types":{"filter":{"nesting_mode":"set","block":{"attributes":{"name":{"type":"string","description_kind":"plain","required":true},"values":{"type":["list","string"],"description_kind":"plain","required":true}},"description_kind":"plain"}}},"description_kind":"plain"}},"outscale_image":{"version":0,"block":{"attributes":{"account_alias":{"type":"string","description_kind":"plain","computed":true},"account_id":{"type":"string","description_kind":"plain","computed":true},"architecture":{"type":"string","description_kind":"plain","computed":true},"creation_date":{"type":"string","description_kind":"plain","computed":true},"description":{"type":"string","description_kind":"plain","computed":true},"file_location":{"type":"string","description_kind":"plain","computed":true},"id":{"type":"string","description_kind":"plain","optional":true,"computed":true},"image_id":{"type":"string","description_kind":"plain","optional":true},"image_name":{"type":"string","description_kind":"plain","computed":true},"image_type":{"type":"string","description_kind":"plain","computed":true},"is_public":{"type":"bool","description_kind":"plain","computed":true},"permission":{"type":["list","string"],"description_kind":"plain","optional":true},"permissions_to_launch":{"type":["list",["object",{"account_id":"string","global_permission":"bool"}]],"description_kind":"plain","computed":true},"product_codes":{"type":["list","string"],"description_kind":"plain","computed":true},"request_id":{"type":"string","description_kind":"plain","computed":true},"root_device_name":{"type":"string","description_kind":"plain","computed":true},"root_device_type":{"type":"string","description_kind":"plain","computed":true},"state":{"type":"string","description_kind":"plain","computed":true},"state_comment":{"type":["set",["object",{"state_code":"string","state_message":"string"}]],"description_kind":"plain","computed":true},"tags":{"type":["list",["object",{"key":"string","value":"string"}]],"description_kind":"plain","computed":true}},"block_types":{"block_device_mappings":{"nesting_mode":"list","block":{"attributes":{"device_name":{"type":"string","description_kind":"plain","optional":true,"computed":true},"virtual_device_name":{"type":"string","description_kind":"plain","optional":true,"computed":true}},"block_types":{"bsu":{"nesting_mode":"list","block":{"attributes":{"delete_on_vm_deletion":{"type":"bool","description_kind":"plain","optional":true,"computed":true},"iops":{"type":"number","description_kind":"plain","optional":true,"computed":true},"snapshot_id":{"type":"string","description_kind":"plain","optional":true,"computed":true},"volume_size":{"type":"number","description_kind":"plain","optional":true,"computed":true},"volume_type":{"type":"string","description_kind":"plain","optional":true,"computed":true}},"description_kind":"plain"}}},"description_kind":"plain"}},"filter":{"nesting_mode":"set","block":{"attributes":{"name":{"type":"string","description_kind":"plain","required":true},"values":{"type":["list","string"],"description_kind":"plain","required":true}},"description_kind":"plain"}}},"description_kind":"plain"}},"outscale_image_export_task":{"version":0,"block":{"attributes":{"comment":{"type":"string","description_kind":"plain","computed":true},"dry_run":{"type":"bool","description_kind":"plain","optional":true,"computed":true},"id":{"type":"string","description_kind":"plain","optional":true,"computed":true},"image_id":{"type":"string","description_kind":"plain","computed":true},"osu_export":{"type":["list",["object",{"disk_image_format":"string","osu_bucket":"string","osu_manifest_url":"string","osu_prefix":"string"}]],"description_kind":"plain","computed":true},"progress":{"type":"number","description_kind":"plain","computed":true},"request_id":{"type":"string","description_kind":"plain","computed":true},"state":{"type":"string","description_kind":"plain","computed":true},"tags":{"type":["list",["object",{"key":"string","value":"string"}]],"description_kind":"plain","computed":true},"task_id":{"type":"string","description_kind":"plain","computed":true}},"block_types":{"filter":{"nesting_mode":"set","block":{"attributes":{"name":{"type":"string","description_kind":"plain","required":true},"values":{"type":["list","string"],"description_kind":"plain","required":true}},"description_kind":"plain"}},"timeouts":{"nesting_mode":"single","block":{"attributes":{"create":{"type":"string","description_kind":"plain","optional":true},"delete":{"type":"string","description_kind":"plain","optional":true}},"description_kind":"plain"}}},"description_kind":"plain"}},"outscale_image_export_tasks":{"version":0,"block":{"attributes":{"dry_run":{"type":"bool","description_kind":"plain","optional":true,"computed":true},"id":{"type":"string","description_kind":"plain","optional":true,"computed":true},"image_export_tasks":{"type":["list",["object",{"comment":"string","image_id":"string","osu_export":["list",["object",{"disk_image_format":"string","osu_bucket":"string","osu_manifest_url":"string","osu_prefix":"string"}]],"progress":"number","state":"string","tags":["list",["object",{"key":"string","value":"string"}]],"task_id":"string"}]],"description_kind":"plain","computed":true},"request_id":{"type":"string","description_kind":"plain","computed":true}},"block_types":{"filter":{"nesting_mode":"set","block":{"attributes":{"name":{"type":"string","description_kind":"plain","required":true},"values":{"type":["list","string"],"description_kind":"plain","required":true}},"description_kind":"plain"}},"timeouts":{"nesting_mode":"single","block":{"attributes":{"create":{"type":"string","description_kind":"plain","optional":true},"delete":{"type":"string","description_kind":"plain","optional":true}},"description_kind":"plain"}}},"description_kind":"plain"}},"outscale_images":{"version":0,"block":{"attributes":{"account_ids":{"type":["list","string"],"description_kind":"plain","optional":true},"id":{"type":"string","description_kind":"plain","optional":true,"computed":true},"image_ids":{"type":["list","string"],"description_kind":"plain","optional":true},"images":{"type":["list",["object",{"account_alias":"string","account_id":"string","architecture":"string","block_device_mappings":["list",["object",{"bsu":["list",["object",{"delete_on_vm_deletion":"bool","iops":"number","snapshot_id":"string","volume_size":"number","volume_type":"string"}]],"device_name":"string","virtual_device_name":"string"}]],"creation_date":"string","description":"string","file_location":"string","image_id":"string","image_name":"string","image_type":"string","permissions_to_launch":["list",["object",{"account_id":"string","global_permission":"bool"}]],"product_codes":["list","string"],"root_device_name":"string","root_device_type":"string","state":"string","state_comment":["set",["object",{"state_code":"string","state_message":"string"}]],"tags":["list",["object",{"key":"string","value":"string"}]]}]],"description_kind":"plain","computed":true},"permissions":{"type":["list","string"],"description_kind":"plain","optional":true},"request_id":{"type":"string","description_kind":"plain","computed":true}},"block_types":{"filter":{"nesting_mode":"set","block":{"attributes":{"name":{"type":"string","description_kind":"plain","required":true},"values":{"type":["list","string"],"description_kind":"plain","required":true}},"description_kind":"plain"}}},"description_kind":"plain"}},"outscale_internet_service":{"version":0,"block":{"attributes":{"id":{"type":"string","description_kind":"plain","optional":true,"computed":true},"internet_service_id":{"type":"string","description_kind":"plain","computed":true},"net_id":{"type":"string","description_kind":"plain","computed":true},"request_id":{"type":"string","description_kind":"plain","computed":true},"state":{"type":"string","description_kind":"plain","computed":true},"tags":{"type":["list",["object",{"key":"string","value":"string"}]],"description_kind":"plain","computed":true}},"block_types":{"filter":{"nesting_mode":"set","block":{"attributes":{"name":{"type":"string","description_kind":"plain","required":true},"values":{"type":["list","string"],"description_kind":"plain","required":true}},"description_kind":"plain"}}},"description_kind":"plain"}},"outscale_internet_services":{"version":0,"block":{"attributes":{"id":{"type":"string","description_kind":"plain","optional":true,"computed":true},"internet_service_ids":{"type":["list","string"],"description_kind":"plain","optional":true},"internet_services":{"type":["list",["object",{"internet_service_id":"string","net_id":"string","state":"string","tags":["list",["object",{"key":"string","value":"string"}]]}]],"description_kind":"plain","computed":true},"request_id":{"type":"string","description_kind":"plain","computed":true}},"block_types":{"filter":{"nesting_mode":"set","block":{"attributes":{"name":{"type":"string","description_kind":"plain","required":true},"values":{"type":["list","string"],"description_kind":"plain","required":true}},"description_kind":"plain"}}},"description_kind":"plain"}},"outscale_keypair":{"version":0,"block":{"attributes":{"id":{"type":"string","description_kind":"plain","optional":true,"computed":true},"keypair_fingerprint":{"type":"string","description_kind":"plain","computed":true},"keypair_name":{"type":"string","description_kind":"plain","optional":true,"computed":true},"request_id":{"type":"string","description_kind":"plain","computed":true}},"block_types":{"filter":{"nesting_mode":"set","block":{"attributes":{"name":{"type":"string","description_kind":"plain","required":true},"values":{"type":["list","string"],"description_kind":"plain","required":true}},"description_kind":"plain"}}},"description_kind":"plain"}},"outscale_keypairs":{"version":0,"block":{"attributes":{"id":{"type":"string","description_kind":"plain","optional":true,"computed":true},"keypair_names":{"type":["list","string"],"description_kind":"plain","optional":true},"keypairs":{"type":["list",["object",{"keypair_fingerprint":"string","keypair_name":"string"}]],"description_kind":"plain","computed":true},"request_id":{"type":"string","description_kind":"plain","computed":true}},"block_types":{"filter":{"nesting_mode":"set","block":{"attributes":{"name":{"type":"string","description_kind":"plain","required":true},"values":{"type":["list","string"],"description_kind":"plain","required":true}},"description_kind":"plain"}}},"description_kind":"plain"}},"outscale_load_balancer":{"version":0,"block":{"attributes":{"access_log":{"type":["map","string"],"description_kind":"plain","optional":true,"computed":true},"application_sticky_cookie_policies":{"type":["list",["object",{"cookie_name":"string","policy_name":"string"}]],"description_kind":"plain","computed":true},"backend_vm_ids":{"type":["list","string"],"description_kind":"plain","optional":true,"computed":true},"dns_name":{"type":"string","description_kind":"plain","optional":true,"computed":true},"health_check":{"type":["map","string"],"description_kind":"plain","optional":true,"computed":true},"id":{"type":"string","description_kind":"plain","optional":true,"computed":true},"load_balancer_name":{"type":"string","description_kind":"plain","optional":true,"computed":true},"load_balancer_sticky_cookie_policies":{"type":["list",["object",{"policy_name":"string"}]],"description_kind":"plain","computed":true},"load_balancer_type":{"type":"string","description_kind":"plain","optional":true,"computed":true},"net_id":{"type":"string","description_kind":"plain","optional":true,"computed":true},"public_ip":{"type":"string","description_kind":"plain","computed":true},"request_id":{"type":"string","description_kind":"plain","computed":true},"secured_cookies":{"type":"bool","description_kind":"plain","computed":true},"security_groups":{"type":["list","string"],"description_kind":"plain","optional":true,"computed":true},"source_security_group":{"type":["map","string"],"description_kind":"plain","computed":true},"subnets":{"type":["list","string"],"description_kind":"plain","optional":true,"computed":true},"subregion_names":{"type":["list","string"],"description_kind":"plain","computed":true}},"block_types":{"filter":{"nesting_mode":"set","block":{"attributes":{"name":{"type":"string","description_kind":"plain","required":true},"values":{"type":["list","string"],"description_kind":"plain","required":true}},"description_kind":"plain"}},"listeners":{"nesting_mode":"list","block":{"attributes":{"backend_port":{"type":"number","description_kind":"plain","computed":true},"backend_protocol":{"type":"string","description_kind":"plain","computed":true},"load_balancer_port":{"type":"number","description_kind":"plain","computed":true},"load_balancer_protocol":{"type":"string","description_kind":"plain","computed":true},"policy_names":{"type":["list","string"],"description_kind":"plain","computed":true},"server_certificate_id":{"type":"string","description_kind":"plain","computed":true}},"description_kind":"plain"}},"tags":{"nesting_mode":"list","block":{"attributes":{"key":{"type":"string","description_kind":"plain","computed":true},"value":{"type":"string","description_kind":"plain","computed":true}},"description_kind":"plain"}}},"description_kind":"plain"}},"outscale_load_balancer_listener_rule":{"version":0,"block":{"attributes":{"action":{"type":"string","description_kind":"plain","computed":true},"host_name_pattern":{"type":"string","description_kind":"plain","computed":true},"id":{"type":"string","description_kind":"plain","optional":true,"computed":true},"listener_id":{"type":"number","description_kind":"plain","computed":true},"listener_rule_id":{"type":"number","description_kind":"plain","computed":true},"listener_rule_name":{"type":"string","description_kind":"plain","optional":true,"computed":true},"path_pattern":{"type":"string","description_kind":"plain","computed":true},"priority":{"type":"number","description_kind":"plain","computed":true},"request_id":{"type":"string","description_kind":"plain","computed":true},"vm_ids":{"type":["set","string"],"description_kind":"plain","computed":true}},"block_types":{"filter":{"nesting_mode":"set","block":{"attributes":{"name":{"type":"string","description_kind":"plain","required":true},"values":{"type":["list","string"],"description_kind":"plain","required":true}},"description_kind":"plain"}}},"description_kind":"plain"}},"outscale_load_balancer_listener_rules":{"version":0,"block":{"attributes":{"id":{"type":"string","description_kind":"plain","optional":true,"computed":true},"listener_rules":{"type":["list",["object",{"action":"string","host_name_pattern":"string","listener_id":"number","listener_rule_id":"number","listener_rule_name":"string","path_pattern":"string","priority":"number","vm_ids":["set","string"]}]],"description_kind":"plain","computed":true},"request_id":{"type":"string","description_kind":"plain","computed":true}},"block_types":{"filter":{"nesting_mode":"set","block":{"attributes":{"name":{"type":"string","description_kind":"plain","required":true},"values":{"type":["list","string"],"description_kind":"plain","required":true}},"description_kind":"plain"}}},"description_kind":"plain"}},"outscale_load_balancer_tags":{"version":0,"block":{"attributes":{"id":{"type":"string","description_kind":"plain","optional":true,"computed":true},"load_balancer_names":{"type":["list","string"],"description_kind":"plain","optional":true},"request_id":{"type":"string","description_kind":"plain","computed":true},"tags":{"type":["list",["object",{"key":"string","load_balancer_name":"string","value":"string"}]],"description_kind":"plain","computed":true}},"block_types":{"filter":{"nesting_mode":"set","block":{"attributes":{"name":{"type":"string","description_kind":"plain","required":true},"values":{"type":["list","string"],"description_kind":"plain","required":true}},"description_kind":"plain"}}},"description_kind":"plain"}},"outscale_load_balancer_vm_health":{"version":0,"block":{"attributes":{"backend_vm_health":{"type":["list",["object",{"description":"string","state":"string","state_reason":"string","vm_id":"string"}]],"description_kind":"plain","computed":true},"backend_vm_ids":{"type":["list","string"],"description_kind":"plain","optional":true},"id":{"type":"string","description_kind":"plain","optional":true,"computed":true},"load_balancer_name":{"type":"string","description_kind":"plain","required":true},"request_id":{"type":"string","description_kind":"plain","computed":true}},"block_types":{"filter":{"nesting_mode":"set","block":{"attributes":{"name":{"type":"string","description_kind":"plain","required":true},"values":{"type":["list","string"],"description_kind":"plain","required":true}},"description_kind":"plain"}}},"description_kind":"plain"}},"outscale_load_balancers":{"version":0,"block":{"attributes":{"id":{"type":"string","description_kind":"plain","optional":true,"computed":true},"load_balancer":{"type":["list",["object",{"access_log":["map","string"],"application_sticky_cookie_policies":["list",["object",{"cookie_name":"string","policy_name":"string"}]],"backend_vm_ids":["list",["object",{"vm_id":"string"}]],"dns_name":"string","health_check":["map","string"],"listeners":["list",["object",{"backend_port":"number","backend_protocol":"string","load_balancer_port":"number","load_balancer_protocol":"string","policy_names":["list","string"],"server_certificate_id":"string"}]],"load_balancer_name":"string","load_balancer_sticky_cookie_policies":["list",["object",{"policy_name":"string"}]],"load_balancer_type":"string","net_id":"string","public_ip":"string","secured_cookies":"bool","security_groups":["list","string"],"source_security_group":["map","string"],"subnet_id":["list","string"],"subregion_names":["list","string"],"tags":["list",["object",{"key":"string","value":"string"}]]}]],"description_kind":"plain","computed":true},"load_balancer_name":{"type":["list","string"],"description_kind":"plain","optional":true},"request_id":{"type":"string","description_kind":"plain","computed":true}},"block_types":{"filter":{"nesting_mode":"set","block":{"attributes":{"name":{"type":"string","description_kind":"plain","required":true},"values":{"type":["list","string"],"description_kind":"plain","required":true}},"description_kind":"plain"}}},"description_kind":"plain"}},"outscale_nat_service":{"version":0,"block":{"attributes":{"id":{"type":"string","description_kind":"plain","optional":true,"computed":true},"nat_service_id":{"type":"string","description_kind":"plain","optional":true},"net_id":{"type":"string","description_kind":"plain","computed":true},"public_ips":{"type":["list",["object",{"public_ip":"string","public_ip_id":"string"}]],"description_kind":"plain","computed":true},"request_id":{"type":"string","description_kind":"plain","computed":true},"state":{"type":"string","description_kind":"plain","computed":true},"subnet_id":{"type":"string","description_kind":"plain","computed":true},"tags":{"type":["list",["object",{"key":"string","value":"string"}]],"description_kind":"plain","computed":true}},"block_types":{"filter":{"nesting_mode":"set","block":{"attributes":{"name":{"type":"string","description_kind":"plain","required":true},"values":{"type":["list","string"],"description_kind":"plain","required":true}},"description_kind":"plain"}}},"description_kind":"plain"}},"outscale_nat_services":{"version":0,"block":{"attributes":{"id":{"type":"string","description_kind":"plain","optional":true,"computed":true},"nat_service_ids":{"type":["list","string"],"description_kind":"plain","optional":true},"nat_services":{"type":["list",["object",{"nat_service_id":"string","net_id":"string","public_ips":["list",["object",{"public_ip":"string","public_ip_id":"string"}]],"state":"string","subnet_id":"string","tags":["list",["object",{"key":"string","value":"string"}]]}]],"description_kind":"plain","computed":true},"request_id":{"type":"string","description_kind":"plain","computed":true}},"block_types":{"filter":{"nesting_mode":"set","block":{"attributes":{"name":{"type":"string","description_kind":"plain","required":true},"values":{"type":["list","string"],"description_kind":"plain","required":true}},"description_kind":"plain"}}},"description_kind":"plain"}},"outscale_net":{"version":0,"block":{"attributes":{"dhcp_options_set_id":{"type":"string","description_kind":"plain","computed":true},"id":{"type":"string","description_kind":"plain","optional":true,"computed":true},"ip_range":{"type":"string","description_kind":"plain","computed":true},"net_id":{"type":"string","description_kind":"plain","optional":true,"computed":true},"request_id":{"type":"string","description_kind":"plain","computed":true},"state":{"type":"string","description_kind":"plain","computed":true},"tags":{"type":["list",["object",{"key":"string","value":"string"}]],"description_kind":"plain","computed":true},"tenancy":{"type":"string","description_kind":"plain","computed":true}},"block_types":{"filter":{"nesting_mode":"set","block":{"attributes":{"name":{"type":"string","description_kind":"plain","required":true},"values":{"type":["list","string"],"description_kind":"plain","required":true}},"description_kind":"plain"}}},"description_kind":"plain"}},"outscale_net_access_point":{"version":0,"block":{"attributes":{"id":{"type":"string","description_kind":"plain","optional":true,"computed":true},"net_access_point_id":{"type":"string","description_kind":"plain","computed":true},"net_id":{"type":"string","description_kind":"plain","computed":true},"request_id":{"type":"string","description_kind":"plain","computed":true},"route_table_ids":{"type":["list","string"],"description_kind":"plain","computed":true},"service_name":{"type":"string","description_kind":"plain","computed":true},"state":{"type":"string","description_kind":"plain","computed":true},"tags":{"type":["list",["object",{"key":"string","value":"string"}]],"description_kind":"plain","computed":true}},"block_types":{"filter":{"nesting_mode":"set","block":{"attributes":{"name":{"type":"string","description_kind":"plain","required":true},"values":{"type":["list","string"],"description_kind":"plain","required":true}},"description_kind":"plain"}}},"description_kind":"plain"}},"outscale_net_access_point_services":{"version":0,"block":{"attributes":{"id":{"type":"string","description_kind":"plain","optional":true,"computed":true},"request_id":{"type":"string","description_kind":"plain","computed":true},"services":{"type":["list",["object",{"ip_ranges":["list","string"],"service_id":"string","service_name":"string"}]],"description_kind":"plain","computed":true}},"block_types":{"filter":{"nesting_mode":"set","block":{"attributes":{"name":{"type":"string","description_kind":"plain","required":true},"values":{"type":["list","string"],"description_kind":"plain","required":true}},"description_kind":"plain"}}},"description_kind":"plain"}},"outscale_net_access_points":{"version":0,"block":{"attributes":{"id":{"type":"string","description_kind":"plain","optional":true,"computed":true},"net_access_points":{"type":["list",["object",{"net_access_point_id":"string","net_id":"string","route_table_ids":["list","string"],"service_name":"string","state":"string","tags":["list",["object",{"key":"string","value":"string"}]]}]],"description_kind":"plain","computed":true},"request_id":{"type":"string","description_kind":"plain","computed":true}},"block_types":{"filter":{"nesting_mode":"set","block":{"attributes":{"name":{"type":"string","description_kind":"plain","required":true},"values":{"type":["list","string"],"description_kind":"plain","required":true}},"description_kind":"plain"}}},"description_kind":"plain"}},"outscale_net_attributes":{"version":0,"block":{"attributes":{"dhcp_options_set_id":{"type":"string","description_kind":"plain","computed":true},"id":{"type":"string","description_kind":"plain","optional":true,"computed":true},"ip_range":{"type":"string","description_kind":"plain","computed":true},"net_id":{"type":"string","description_kind":"plain","required":true},"request_id":{"type":"string","description_kind":"plain","computed":true},"state":{"type":"string","description_kind":"plain","computed":true},"tags":{"type":["list",["object",{"key":"string","value":"string"}]],"description_kind":"plain","computed":true},"tenancy":{"type":"string","description_kind":"plain","computed":true}},"description_kind":"plain"}},"outscale_net_peering":{"version":0,"block":{"attributes":{"accepter_net":{"type":["map","string"],"description_kind":"plain","computed":true},"id":{"type":"string","description_kind":"plain","optional":true,"computed":true},"net_peering_id":{"type":"string","description_kind":"plain","computed":true},"request_id":{"type":"string","description_kind":"plain","computed":true},"source_net":{"type":["map","string"],"description_kind":"plain","computed":true},"state":{"type":["map","string"],"description_kind":"plain","computed":true},"tags":{"type":["list",["object",{"key":"string","value":"string"}]],"description_kind":"plain","computed":true}},"block_types":{"filter":{"nesting_mode":"set","block":{"attributes":{"name":{"type":"string","description_kind":"plain","required":true},"values":{"type":["list","string"],"description_kind":"plain","required":true}},"description_kind":"plain"}}},"description_kind":"plain"}},"outscale_net_peerings":{"version":0,"block":{"attributes":{"id":{"type":"string","description_kind":"plain","optional":true,"computed":true},"net_peerings":{"type":["list",["object",{"accepter_net":["map","string"],"net_peering_id":"string","source_net":["map","string"],"state":["map","string"],"tags":["list",["object",{"key":"string","value":"string"}]]}]],"description_kind":"plain","computed":true},"request_id":{"type":"string","description_kind":"plain","computed":true}},"block_types":{"filter":{"nesting_mode":"set","block":{"attributes":{"name":{"type":"string","description_kind":"plain","required":true},"values":{"type":["list","string"],"description_kind":"plain","required":true}},"description_kind":"plain"}}},"description_kind":"plain"}},"outscale_nets":{"version":0,"block":{"attributes":{"id":{"type":"string","description_kind":"plain","optional":true,"computed":true},"net_id":{"type":["list","string"],"description_kind":"plain","optional":true},"nets":{"type":["list",["object",{"dhcp_options_set_id":"string","ip_range":"string","net_id":"string","state":"string","tags":["list",["object",{"key":"string","value":"string"}]],"tenancy":"string"}]],"description_kind":"plain","computed":true},"request_id":{"type":"string","description_kind":"plain","computed":true}},"block_types":{"filter":{"nesting_mode":"set","block":{"attributes":{"name":{"type":"string","description_kind":"plain","required":true},"values":{"type":["list","string"],"description_kind":"plain","required":true}},"description_kind":"plain"}}},"description_kind":"plain"}},"outscale_nic":{"version":0,"block":{"attributes":{"account_id":{"type":"string","description_kind":"plain","computed":true},"description":{"type":"string","description_kind":"plain","computed":true},"id":{"type":"string","description_kind":"plain","optional":true,"computed":true},"is_source_dest_checked":{"type":"bool","description_kind":"plain","computed":true},"link_nic":{"type":["map","string"],"description_kind":"plain","computed":true},"link_public_ip":{"type":["map","string"],"description_kind":"plain","computed":true},"mac_address":{"type":"string","description_kind":"plain","computed":true},"net_id":{"type":"string","description_kind":"plain","computed":true},"nic_id":{"type":"string","description_kind":"plain","optional":true,"computed":true},"private_dns_name":{"type":"string","description_kind":"plain","computed":true},"private_ip":{"type":"string","description_kind":"plain","computed":true},"private_ips":{"type":["list",["object",{"is_primary":"bool","link_public_ip":["map","string"],"private_dns_name":"string","private_ip":"string"}]],"description_kind":"plain","computed":true},"request_id":{"type":"string","description_kind":"plain","computed":true},"requester_managed":{"type":"bool","description_kind":"plain","computed":true},"security_group_id":{"type":["list","string"],"description_kind":"plain","computed":true},"security_groups":{"type":["list",["object",{"security_group_id":"string","security_group_name":"string"}]],"description_kind":"plain","computed":true},"state":{"type":"string","description_kind":"plain","computed":true},"subnet_id":{"type":"string","description_kind":"plain","computed":true},"subregion_name":{"type":"string","description_kind":"plain","computed":true},"tags":{"type":["list",["object",{"key":"string","value":"string"}]],"description_kind":"plain","computed":true}},"block_types":{"filter":{"nesting_mode":"set","block":{"attributes":{"name":{"type":"string","description_kind":"plain","required":true},"values":{"type":["list","string"],"description_kind":"plain","required":true}},"description_kind":"plain"}}},"description_kind":"plain"}},"outscale_nics":{"version":0,"block":{"attributes":{"id":{"type":"string","description_kind":"plain","optional":true,"computed":true},"nics":{"type":["list",["object",{"account_id":"string","description":"string","is_source_dest_checked":"bool","link_nic":["map","string"],"link_public_ip":["map","string"],"mac_address":"string","net_id":"string","nic_id":"string","private_dns_name":"string","private_ips":["list",["object",{"is_primary":"bool","link_public_ip":["map","string"],"private_dns_name":"string","private_ip":"string"}]],"security_groups":["list",["object",{"security_group_id":"string","security_group_name":"string"}]],"state":"string","subnet_id":"string","subregion_name":"string","tags":["list",["object",{"key":"string","value":"string"}]]}]],"description_kind":"plain","computed":true},"request_id":{"type":"string","description_kind":"plain","computed":true}},"block_types":{"filter":{"nesting_mode":"set","block":{"attributes":{"name":{"type":"string","description_kind":"plain","required":true},"values":{"type":["list","string"],"description_kind":"plain","required":true}},"description_kind":"plain"}}},"description_kind":"plain"}},"outscale_product_type":{"version":0,"block":{"attributes":{"description":{"type":"string","description_kind":"plain","computed":true},"id":{"type":"string","description_kind":"plain","optional":true,"computed":true},"product_type_id":{"type":"string","description_kind":"plain","computed":true},"request_id":{"type":"string","description_kind":"plain","computed":true},"vendor":{"type":"string","description_kind":"plain","computed":true}},"block_types":{"filter":{"nesting_mode":"set","block":{"attributes":{"name":{"type":"string","description_kind":"plain","required":true},"values":{"type":["list","string"],"description_kind":"plain","required":true}},"description_kind":"plain"}}},"description_kind":"plain"}},"outscale_product_types":{"version":0,"block":{"attributes":{"id":{"type":"string","description_kind":"plain","optional":true,"computed":true},"product_types":{"type":["list",["object",{"description":"string","product_type_id":"string","vendor":"string"}]],"description_kind":"plain","computed":true},"request_id":{"type":"string","description_kind":"plain","computed":true}},"block_types":{"filter":{"nesting_mode":"set","block":{"attributes":{"name":{"type":"string","description_kind":"plain","required":true},"values":{"type":["list","string"],"description_kind":"plain","required":true}},"description_kind":"plain"}}},"description_kind":"plain"}},"outscale_public_catalog":{"version":0,"block":{"attributes":{"catalog":{"type":["set",["object",{"entries":["list",["object",{"category":"string","flags":"string","operation":"string","service":"string","subregion_name":"string","title":"string","type":"string","unit_price":"number"}]]}]],"description_kind":"plain","computed":true},"id":{"type":"string","description_kind":"plain","optional":true,"computed":true},"request_id":{"type":"string","description_kind":"plain","computed":true}},"description_kind":"plain"}},"outscale_public_ip":{"version":0,"block":{"attributes":{"id":{"type":"string","description_kind":"plain","optional":true,"computed":true},"link_public_ip_id":{"type":"string","description_kind":"plain","computed":true},"nic_account_id":{"type":"string","description_kind":"plain","computed":true},"nic_id":{"type":"string","description_kind":"plain","computed":true},"private_ip":{"type":"string","description_kind":"plain","computed":true},"public_ip":{"type":"string","description_kind":"plain","optional":true,"computed":true},"public_ip_id":{"type":"string","description_kind":"plain","optional":true,"computed":true},"request_id":{"type":"string","description_kind":"plain","computed":true},"tags":{"type":["list",["object",{"key":"string","value":"string"}]],"description_kind":"plain","computed":true},"vm_id":{"type":"string","description_kind":"plain","computed":true}},"block_types":{"filter":{"nesting_mode":"set","block":{"attributes":{"name":{"type":"string","description_kind":"plain","required":true},"values":{"type":["list","string"],"description_kind":"plain","required":true}},"description_kind":"plain"}}},"description_kind":"plain"}},"outscale_public_ips":{"version":0,"block":{"attributes":{"id":{"type":"string","description_kind":"plain","optional":true,"computed":true},"public_ips":{"type":["list",["object",{"link_public_ip_id":"string","nic_account_id":"string","nic_id":"string","private_ip":"string","public_ip":"string","public_ip_id":"string","tags":["list",["object",{"key":"string","value":"string"}]],"vm_id":"string"}]],"description_kind":"plain","computed":true},"request_id":{"type":"string","description_kind":"plain","computed":true}},"block_types":{"filter":{"nesting_mode":"set","block":{"attributes":{"name":{"type":"string","description_kind":"plain","required":true},"values":{"type":["list","string"],"description_kind":"plain","required":true}},"description_kind":"plain"}}},"description_kind":"plain"}},"outscale_quota":{"version":0,"block":{"attributes":{"account_id":{"type":"string","description_kind":"plain","computed":true},"description":{"type":"string","description_kind":"plain","computed":true},"id":{"type":"string","description_kind":"plain","optional":true,"computed":true},"max_value":{"type":"number","description_kind":"plain","computed":true},"name":{"type":"string","description_kind":"plain","computed":true},"quota_collection":{"type":"string","description_kind":"plain","computed":true},"quota_type":{"type":"string","description_kind":"plain","computed":true},"request_id":{"type":"string","description_kind":"plain","computed":true},"short_description":{"type":"string","description_kind":"plain","computed":true},"used_value":{"type":"number","description_kind":"plain","computed":true}},"block_types":{"filter":{"nesting_mode":"set","block":{"attributes":{"name":{"type":"string","description_kind":"plain","required":true},"values":{"type":["list","string"],"description_kind":"plain","required":true}},"description_kind":"plain"}}},"description_kind":"plain"}},"outscale_quotas":{"version":0,"block":{"attributes":{"id":{"type":"string","description_kind":"plain","optional":true,"computed":true},"quotas":{"type":["list",["object",{"account_id":"string","description":"string","max_value":"number","name":"string","quota_collection":"string","quota_type":"string","short_description":"string","used_value":"number"}]],"description_kind":"plain","computed":true},"request_id":{"type":"string","description_kind":"plain","computed":true}},"block_types":{"filter":{"nesting_mode":"set","block":{"attributes":{"name":{"type":"string","description_kind":"plain","required":true},"values":{"type":["list","string"],"description_kind":"plain","required":true}},"description_kind":"plain"}}},"description_kind":"plain"}},"outscale_regions":{"version":0,"block":{"attributes":{"id":{"type":"string","description_kind":"plain","optional":true,"computed":true},"regions":{"type":["list",["object",{"endpoint":"string","region_name":"string"}]],"description_kind":"plain","computed":true},"request_id":{"type":"string","description_kind":"plain","computed":true}},"description_kind":"plain"}},"outscale_route_table":{"version":0,"block":{"attributes":{"id":{"type":"string","description_kind":"plain","optional":true,"computed":true},"link_route_tables":{"type":["list",["object",{"link_route_table_id":"string","main":"bool","route_table_id":"string","route_table_to_subnet_link_id":"string","subnet_id":"string"}]],"description_kind":"plain","computed":true},"net_id":{"type":"string","description_kind":"plain","computed":true},"request_id":{"type":"string","description_kind":"plain","computed":true},"route_propagating_virtual_gateways":{"type":["list",["object",{"virtual_gateway_id":"string"}]],"description_kind":"plain","computed":true},"route_table_id":{"type":"string","description_kind":"plain","optional":true,"computed":true},"routes":{"type":["list",["object",{"creation_method":"string","destination_ip_range":"string","destination_service_id":"string","gateway_id":"string","nat_service_id":"string","net_access_point_id":"string","net_peering_id":"string","nic_id":"string","state":"string","vm_account_id":"string","vm_id":"string"}]],"description_kind":"plain","computed":true},"tags":{"type":["list",["object",{"key":"string","value":"string"}]],"description_kind":"plain","computed":true}},"block_types":{"filter":{"nesting_mode":"set","block":{"attributes":{"name":{"type":"string","description_kind":"plain","required":true},"values":{"type":["list","string"],"description_kind":"plain","required":true}},"description_kind":"plain"}}},"description_kind":"plain"}},"outscale_route_tables":{"version":0,"block":{"attributes":{"id":{"type":"string","description_kind":"plain","optional":true,"computed":true},"request_id":{"type":"string","description_kind":"plain","computed":true},"route_table_id":{"type":["list","string"],"description_kind":"plain","optional":true},"route_tables":{"type":["list",["object",{"link_route_tables":["list",["object",{"link_route_table_id":"string","main":"bool","route_table_id":"string","route_table_to_subnet_link_id":"string","subnet_id":"string"}]],"net_id":"string","route_propagating_virtual_gateways":["list",["object",{"virtual_gateway_id":"string"}]],"route_table_id":"string","routes":["list",["object",{"creation_method":"string","destination_ip_range":"string","destination_service_id":"string","gateway_id":"string","nat_service_id":"string","net_access_point_id":"string","net_peering_id":"string","nic_id":"string","state":"string","vm_account_id":"string","vm_id":"string"}]],"tags":["list",["object",{"key":"string","value":"string"}]]}]],"description_kind":"plain","computed":true}},"block_types":{"filter":{"nesting_mode":"set","block":{"attributes":{"name":{"type":"string","description_kind":"plain","required":true},"values":{"type":["list","string"],"description_kind":"plain","required":true}},"description_kind":"plain"}}},"description_kind":"plain"}},"outscale_security_group":{"version":0,"block":{"attributes":{"account_id":{"type":"string","description_kind":"plain","computed":true},"description":{"type":"string","description_kind":"plain","computed":true},"id":{"type":"string","description_kind":"plain","optional":true,"computed":true},"inbound_rules":{"type":["list",["object",{"from_port_range":"number","ip_protocol":"string","ip_ranges":["list","string"],"prefix_list_ids":["list","string"],"security_groups_members":["set",["object",{"account_id":"string","security_group_id":"string","security_group_name":"string"}]],"to_port_range":"number"}]],"description_kind":"plain","computed":true},"net_id":{"type":"string","description_kind":"plain","computed":true},"outbound_rules":{"type":["list",["object",{"from_port_range":"number","ip_protocol":"string","ip_ranges":["list","string"],"prefix_list_ids":["list","string"],"security_groups_members":["set",["object",{"account_id":"string","security_group_id":"string","security_group_name":"string"}]],"to_port_range":"number"}]],"description_kind":"plain","computed":true},"request_id":{"type":"string","description_kind":"plain","computed":true},"security_group_id":{"type":"string","description_kind":"plain","optional":true,"computed":true},"security_group_name":{"type":"string","description_kind":"plain","optional":true,"computed":true},"tags":{"type":["list",["object",{"key":"string","value":"string"}]],"description_kind":"plain","computed":true}},"block_types":{"filter":{"nesting_mode":"set","block":{"attributes":{"name":{"type":"string","description_kind":"plain","required":true},"values":{"type":["list","string"],"description_kind":"plain","required":true}},"description_kind":"plain"}}},"description_kind":"plain"}},"outscale_security_groups":{"version":0,"block":{"attributes":{"id":{"type":"string","description_kind":"plain","optional":true,"computed":true},"request_id":{"type":"string","description_kind":"plain","computed":true},"security_group_ids":{"type":["list","string"],"description_kind":"plain","optional":true},"security_group_names":{"type":["list","string"],"description_kind":"plain","optional":true},"security_groups":{"type":["list",["object",{"account_id":"string","description":"string","inbound_rules":["list",["object",{"from_port_range":"number","ip_protocol":"string","ip_ranges":["list","string"],"prefix_list_ids":["list","string"],"security_groups_members":["set",["object",{"account_id":"string","security_group_id":"string","security_group_name":"string"}]],"to_port_range":"number"}]],"net_id":"string","outbound_rules":["list",["object",{"from_port_range":"number","ip_protocol":"string","ip_ranges":["list","string"],"prefix_list_ids":["list","string"],"security_groups_members":["set",["object",{"account_id":"string","security_group_id":"string","security_group_name":"string"}]],"to_port_range":"number"}]],"security_group_id":"string","security_group_name":"string","tags":["list",["object",{"key":"string","value":"string"}]]}]],"description_kind":"plain","computed":true}},"block_types":{"filter":{"nesting_mode":"set","block":{"attributes":{"name":{"type":"string","description_kind":"plain","required":true},"values":{"type":["list","string"],"description_kind":"plain","required":true}},"description_kind":"plain"}}},"description_kind":"plain"}},"outscale_server_certificate":{"version":0,"block":{"attributes":{"expiration_date":{"type":"string","description_kind":"plain","computed":true},"id":{"type":"string","description_kind":"plain","optional":true,"computed":true},"name":{"type":"string","description_kind":"plain","computed":true},"orn":{"type":"string","description_kind":"plain","computed":true},"path":{"type":"string","description_kind":"plain","computed":true},"request_id":{"type":"string","description_kind":"plain","computed":true},"upload_date":{"type":"string","description_kind":"plain","computed":true}},"block_types":{"filter":{"nesting_mode":"set","block":{"attributes":{"name":{"type":"string","description_kind":"plain","required":true},"values":{"type":["list","string"],"description_kind":"plain","required":true}},"description_kind":"plain"}}},"description_kind":"plain"}},"outscale_server_certificates":{"version":0,"block":{"attributes":{"id":{"type":"string","description_kind":"plain","optional":true,"computed":true},"request_id":{"type":"string","description_kind":"plain","computed":true},"server_certificates":{"type":["list",["object",{"expiration_date":"string","id":"string","name":"string","orn":"string","path":"string","upload_date":"string"}]],"description_kind":"plain","computed":true}},"block_types":{"filter":{"nesting_mode":"set","block":{"attributes":{"name":{"type":"string","description_kind":"plain","required":true},"values":{"type":["list","string"],"description_kind":"plain","required":true}},"description_kind":"plain"}}},"description_kind":"plain"}},"outscale_snapshot":{"version":0,"block":{"attributes":{"account_alias":{"type":"string","description_kind":"plain","computed":true},"account_id":{"type":"string","description_kind":"plain","optional":true,"computed":true},"creation_date":{"type":"string","description_kind":"plain","computed":true},"description":{"type":"string","description_kind":"plain","computed":true},"id":{"type":"string","description_kind":"plain","optional":true,"computed":true},"permissions_to_create_volume":{"type":["list",["object",{"account_ids":["list","string"],"global_permission":"bool"}]],"description_kind":"plain","computed":true},"progress":{"type":"number","description_kind":"plain","computed":true},"request_id":{"type":"string","description_kind":"plain","computed":true},"snapshot_id":{"type":"string","description_kind":"plain","optional":true,"computed":true},"state":{"type":"string","description_kind":"plain","computed":true},"tags":{"type":["list",["object",{"key":"string","value":"string"}]],"description_kind":"plain","computed":true},"volume_id":{"type":"string","description_kind":"plain","computed":true},"volume_size":{"type":"number","description_kind":"plain","computed":true}},"block_types":{"filter":{"nesting_mode":"set","block":{"attributes":{"name":{"type":"string","description_kind":"plain","required":true},"values":{"type":["list","string"],"description_kind":"plain","required":true}},"description_kind":"plain"}}},"description_kind":"plain"}},"outscale_snapshot_export_task":{"version":0,"block":{"attributes":{"comment":{"type":"string","description_kind":"plain","computed":true},"dry_run":{"type":"bool","description_kind":"plain","optional":true,"computed":true},"id":{"type":"string","description_kind":"plain","optional":true,"computed":true},"osu_export":{"type":["list",["object",{"disk_image_format":"string","osu_bucket":"string","osu_prefix":"string"}]],"description_kind":"plain","computed":true},"progress":{"type":"number","description_kind":"plain","computed":true},"request_id":{"type":"string","description_kind":"plain","computed":true},"snapshot_id":{"type":"string","description_kind":"plain","computed":true},"state":{"type":"string","description_kind":"plain","computed":true},"tags":{"type":["list",["object",{"key":"string","value":"string"}]],"description_kind":"plain","computed":true},"task_id":{"type":"string","description_kind":"plain","computed":true}},"block_types":{"filter":{"nesting_mode":"set","block":{"attributes":{"name":{"type":"string","description_kind":"plain","required":true},"values":{"type":["list","string"],"description_kind":"plain","required":true}},"description_kind":"plain"}},"timeouts":{"nesting_mode":"single","block":{"attributes":{"create":{"type":"string","description_kind":"plain","optional":true},"delete":{"type":"string","description_kind":"plain","optional":true}},"description_kind":"plain"}}},"description_kind":"plain"}},"outscale_snapshot_export_tasks":{"version":0,"block":{"attributes":{"dry_run":{"type":"bool","description_kind":"plain","optional":true,"computed":true},"id":{"type":"string","description_kind":"plain","optional":true,"computed":true},"request_id":{"type":"string","description_kind":"plain","computed":true},"snapshot_export_tasks":{"type":["list",["object",{"comment":"string","osu_export":["list",["object",{"disk_image_format":"string","osu_bucket":"string","osu_prefix":"string"}]],"progress":"number","snapshot_id":"string","state":"string","tags":["list",["object",{"key":"string","value":"string"}]],"task_id":"string"}]],"description_kind":"plain","computed":true}},"block_types":{"filter":{"nesting_mode":"set","block":{"attributes":{"name":{"type":"string","description_kind":"plain","required":true},"values":{"type":["list","string"],"description_kind":"plain","required":true}},"description_kind":"plain"}},"timeouts":{"nesting_mode":"single","block":{"attributes":{"create":{"type":"string","description_kind":"plain","optional":true},"delete":{"type":"string","description_kind":"plain","optional":true}},"description_kind":"plain"}}},"description_kind":"plain"}},"outscale_snapshots":{"version":0,"block":{"attributes":{"account_id":{"type":["list","string"],"description_kind":"plain","optional":true},"id":{"type":"string","description_kind":"plain","optional":true,"computed":true},"permission_to_create_volume":{"type":["list","string"],"description_kind":"plain","optional":true},"request_id":{"type":"string","description_kind":"plain","computed":true},"snapshot_id":{"type":["list","string"],"description_kind":"plain","optional":true},"snapshots":{"type":["list",["object",{"account_alias":"string","account_id":"string","creation_date":"string","description":"string","permissions_to_create_volume":["list",["object",{"account_ids":["list","string"],"global_permission":"bool"}]],"progress":"number","snapshot_id":"string","state":"string","tags":["list",["object",{"key":"string","value":"string"}]],"volume_id":"string","volume_size":"number"}]],"description_kind":"plain","computed":true}},"block_types":{"filter":{"nesting_mode":"set","block":{"attributes":{"name":{"type":"string","description_kind":"plain","required":true},"values":{"type":["list","string"],"description_kind":"plain","required":true}},"description_kind":"plain"}}},"description_kind":"plain"}},"outscale_subnet":{"version":0,"block":{"attributes":{"available_ips_count":{"type":"number","description_kind":"plain","computed":true},"id":{"type":"string","description_kind":"plain","optional":true,"computed":true},"ip_range":{"type":"string","description_kind":"plain","computed":true},"map_public_ip_on_launch":{"type":"bool","description_kind":"plain","computed":true},"net_id":{"type":"string","description_kind":"plain","computed":true},"request_id":{"type":"string","description_kind":"plain","computed":true},"state":{"type":"string","description_kind":"plain","computed":true},"subnet_id":{"type":"string","description_kind":"plain","optional":true,"computed":true},"subregion_name":{"type":"string","description_kind":"plain","computed":true},"tags":{"type":["list",["object",{"key":"string","value":"string"}]],"description_kind":"plain","computed":true}},"block_types":{"filter":{"nesting_mode":"set","block":{"attributes":{"name":{"type":"string","description_kind":"plain","required":true},"values":{"type":["list","string"],"description_kind":"plain","required":true}},"description_kind":"plain"}}},"description_kind":"plain"}},"outscale_subnets":{"version":0,"block":{"attributes":{"id":{"type":"string","description_kind":"plain","optional":true,"computed":true},"request_id":{"type":"string","description_kind":"plain","computed":true},"subnet_ids":{"type":["list","string"],"description_kind":"plain","optional":true},"subnets":{"type":["list",["object",{"available_ips_count":"number","ip_range":"string","map_public_ip_on_launch":"bool","net_id":"string","state":"string","subnet_id":"string","subregion_name":"string","tags":["list",["object",{"key":"string","value":"string"}]]}]],"description_kind":"plain","computed":true}},"block_types":{"filter":{"nesting_mode":"set","block":{"attributes":{"name":{"type":"string","description_kind":"plain","required":true},"values":{"type":["list","string"],"description_kind":"plain","required":true}},"description_kind":"plain"}}},"description_kind":"plain"}},"outscale_subregions":{"version":0,"block":{"attributes":{"id":{"type":"string","description_kind":"plain","optional":true,"computed":true},"request_id":{"type":"string","description_kind":"plain","computed":true},"subregions":{"type":["list",["object",{"location_code":"string","region_name":"string","state":"string","subregion_name":"string"}]],"description_kind":"plain","computed":true}},"block_types":{"filter":{"nesting_mode":"set","block":{"attributes":{"name":{"type":"string","description_kind":"plain","required":true},"values":{"type":["list","string"],"description_kind":"plain","required":true}},"description_kind":"plain"}}},"description_kind":"plain"}},"outscale_tag":{"version":0,"block":{"attributes":{"id":{"type":"string","description_kind":"plain","optional":true,"computed":true},"key":{"type":"string","description_kind":"plain","computed":true},"resource_id":{"type":"string","description_kind":"plain","computed":true},"resource_type":{"type":"string","description_kind":"plain","computed":true},"value":{"type":"string","description_kind":"plain","computed":true}},"block_types":{"filter":{"nesting_mode":"set","block":{"attributes":{"name":{"type":"string","description_kind":"plain","required":true},"values":{"type":["list","string"],"description_kind":"plain","required":true}},"description_kind":"plain"}}},"description_kind":"plain"}},"outscale_tags":{"version":0,"block":{"attributes":{"id":{"type":"string","description_kind":"plain","optional":true,"computed":true},"tags":{"type":["list",["object",{"key":"string","resource_id":"string","resource_type":"string","value":"string"}]],"description_kind":"plain","computed":true}},"block_types":{"filter":{"nesting_mode":"set","block":{"attributes":{"name":{"type":"string","description_kind":"plain","required":true},"values":{"type":["list","string"],"description_kind":"plain","required":true}},"description_kind":"plain"}}},"description_kind":"plain"}},"outscale_virtual_gateway":{"version":0,"block":{"attributes":{"connection_type":{"type":"string","description_kind":"plain","optional":true,"computed":true},"id":{"type":"string","description_kind":"plain","optional":true,"computed":true},"net_to_virtual_gateway_links":{"type":["list",["object",{"net_id":"string","state":"string"}]],"description_kind":"plain","computed":true},"request_id":{"type":"string","description_kind":"plain","computed":true},"state":{"type":"string","description_kind":"plain","optional":true,"computed":true},"tags":{"type":["list",["object",{"key":"string","value":"string"}]],"description_kind":"plain","computed":true},"virtual_gateway_id":{"type":"string","description_kind":"plain","optional":true,"computed":true}},"block_types":{"filter":{"nesting_mode":"set","block":{"attributes":{"name":{"type":"string","description_kind":"plain","required":true},"values":{"type":["list","string"],"description_kind":"plain","required":true}},"description_kind":"plain"}}},"description_kind":"plain"}},"outscale_virtual_gateways":{"version":0,"block":{"attributes":{"id":{"type":"string","description_kind":"plain","optional":true,"computed":true},"request_id":{"type":"string","description_kind":"plain","computed":true},"virtual_gateway_id":{"type":["list","string"],"description_kind":"plain","optional":true,"computed":true},"virtual_gateways":{"type":["list",["object",{"connection_type":"string","net_to_virtual_gateway_links":["list",["object",{"net_id":"string","state":"string"}]],"state":"string","tags":["list",["object",{"key":"string","value":"string"}]],"virtual_gateway_id":"string"}]],"description_kind":"plain","computed":true}},"block_types":{"filter":{"nesting_mode":"set","block":{"attributes":{"name":{"type":"string","description_kind":"plain","required":true},"values":{"type":["list","string"],"description_kind":"plain","required":true}},"description_kind":"plain"}}},"description_kind":"plain"}},"outscale_vm":{"version":0,"block":{"attributes":{"architecture":{"type":"string","description_kind":"plain","computed":true},"bsu_optimized":{"type":"bool","description_kind":"plain","optional":true,"computed":true},"client_token":{"type":"string","description_kind":"plain","computed":true},"creation_date":{"type":"string","description_kind":"plain","computed":true},"deletion_protection":{"type":"bool","description_kind":"plain","optional":true,"computed":true},"hypervisor":{"type":"string","description_kind":"plain","computed":true},"id":{"type":"string","description_kind":"plain","optional":true,"computed":true},"image_id":{"type":"string","description_kind":"plain","optional":true,"computed":true},"is_source_dest_checked":{"type":"bool","description_kind":"plain","optional":true,"computed":true},"keypair_name":{"type":"string","description_kind":"plain","optional":true,"computed":true},"launch_number":{"type":"number","description_kind":"plain","computed":true},"nested_virtualization":{"type":"bool","description_kind":"plain","computed":true},"net_id":{"type":"string","description_kind":"plain","computed":true},"os_family":{"type":"string","description_kind":"plain","computed":true},"performance":{"type":"string","description_kind":"plain","computed":true},"placement_subregion_name":{"type":"string","description_kind":"plain","optional":true,"computed":true},"placement_tenancy":{"type":"string","description_kind":"plain","optional":true,"computed":true},"private_dns_name":{"type":"string","description_kind":"plain","computed":true},"private_ip":{"type":"string","description_kind":"plain","computed":true},"private_ips":{"type":["list","string"],"description_kind":"plain","optional":true},"product_codes":{"type":["list","string"],"description_kind":"plain","computed":true},"public_dns_name":{"type":"string","description_kind":"plain","computed":true},"public_ip":{"type":"string","description_kind":"plain","computed":true},"request_id":{"type":"string","description_kind":"plain","computed":true},"reservation_id":{"type":"string","description_kind":"plain","computed":true},"root_device_name":{"type":"string","description_kind":"plain","computed":true},"root_device_type":{"type":"string","description_kind":"plain","computed":true},"security_group_ids":{"type":["list","string"],"description_kind":"plain","optional":true},"security_group_names":{"type":["list","string"],"description_kind":"plain","optional":true},"security_groups":{"type":["list",["object",{"security_group_id":"string","security_group_name":"string"}]],"description_kind":"plain","computed":true},"state":{"type":"string","description_kind":"plain","computed":true},"state_reason":{"type":"string","description_kind":"plain","computed":true},"subnet_id":{"type":"string","description_kind":"plain","optional":true,"computed":true},"tags":{"type":["list",["object",{"key":"string","value":"string"}]],"description_kind":"plain","computed":true},"user_data":{"type":"string","description_kind":"plain","optional":true,"computed":true},"vm_id":{"type":"string","description_kind":"plain","optional":true,"computed":true},"vm_initiated_shutdown_behavior":{"type":"string","description_kind":"plain","optional":true,"computed":true},"vm_type":{"type":"string","description_kind":"plain","optional":true,"computed":true}},"block_types":{"block_device_mappings_created":{"nesting_mode":"list","block":{"attributes":{"bsu":{"type":["map","string"],"description_kind":"plain","optional":true,"computed":true},"device_name":{"type":"string","description_kind":"plain","optional":true}},"description_kind":"plain"}},"filter":{"nesting_mode":"set","block":{"attributes":{"name":{"type":"string","description_kind":"plain","required":true},"values":{"type":["list","string"],"description_kind":"plain","required":true}},"description_kind":"plain"}},"nics":{"nesting_mode":"list","block":{"attributes":{"account_id":{"type":"string","description_kind":"plain","computed":true},"delete_on_vm_deletion":{"type":"bool","description_kind":"plain","optional":true,"computed":true},"description":{"type":"string","description_kind":"plain","optional":true,"computed":true},"device_number":{"type":"number","description_kind":"plain","optional":true,"computed":true},"is_source_dest_checked":{"type":"bool","description_kind":"plain","computed":true},"link_nic":{"type":["list",["object",{"delete_on_vm_deletion":"bool","device_number":"string","link_nic_id":"string","state":"string"}]],"description_kind":"plain","computed":true},"link_public_ip":{"type":["set",["object",{"public_dns_name":"string","public_ip":"string","public_ip_account_id":"string"}]],"description_kind":"plain","computed":true},"mac_address":{"type":"string","description_kind":"plain","computed":true},"net_id":{"type":"string","description_kind":"plain","computed":true},"nic_id":{"type":"string","description_kind":"plain","optional":true,"computed":true},"private_dns_name":{"type":"string","description_kind":"plain","computed":true},"secondary_private_ip_count":{"type":"number","description_kind":"plain","optional":true,"computed":true},"security_group_ids":{"type":["list","string"],"description_kind":"plain","optional":true,"computed":true},"security_groups":{"type":["list",["object",{"security_group_id":"string","security_group_name":"string"}]],"description_kind":"plain","computed":true},"security_groups_names":{"type":["list","string"],"description_kind":"plain","optional":true,"computed":true},"state":{"type":"string","description_kind":"plain","computed":true},"subnet_id":{"type":"string","description_kind":"plain","optional":true,"computed":true}},"block_types":{"private_ips":{"nesting_mode":"set","block":{"attributes":{"is_primary":{"type":"bool","description_kind":"plain","optional":true,"computed":true},"link_public_ip":{"type":["set",["object",{"public_dns_name":"string","public_ip":"string","public_ip_account_id":"string"}]],"description_kind":"plain","computed":true},"private_dns_name":{"type":"string","description_kind":"plain","computed":true},"private_ip":{"type":"string","description_kind":"plain","optional":true,"computed":true}},"description_kind":"plain"}}},"description_kind":"plain"}}},"description_kind":"plain"}},"outscale_vm_state":{"version":0,"block":{"attributes":{"id":{"type":"string","description_kind":"plain","optional":true,"computed":true},"maintenance_events":{"type":["list",["object",{"code":"string","description":"string","not_after":"string","not_before":"string"}]],"description_kind":"plain","computed":true},"request_id":{"type":"string","description_kind":"plain","computed":true},"subregion_name":{"type":"string","description_kind":"plain","computed":true},"vm_id":{"type":"string","description_kind":"plain","optional":true},"vm_state":{"type":"string","description_kind":"plain","computed":true}},"block_types":{"filter":{"nesting_mode":"set","block":{"attributes":{"name":{"type":"string","description_kind":"plain","required":true},"values":{"type":["list","string"],"description_kind":"plain","required":true}},"description_kind":"plain"}}},"description_kind":"plain"}},"outscale_vm_states":{"version":0,"block":{"attributes":{"id":{"type":"string","description_kind":"plain","optional":true,"computed":true},"request_id":{"type":"string","description_kind":"plain","computed":true},"vm_ids":{"type":["list","string"],"description_kind":"plain","optional":true},"vm_states":{"type":["list",["object",{"maintenance_events":["list",["object",{"code":"string","description":"string","not_after":"string","not_before":"string"}]],"subregion_name":"string","vm_id":"string","vm_state":"string"}]],"description_kind":"plain","computed":true}},"block_types":{"filter":{"nesting_mode":"set","block":{"attributes":{"name":{"type":"string","description_kind":"plain","required":true},"values":{"type":["list","string"],"description_kind":"plain","required":true}},"description_kind":"plain"}}},"description_kind":"plain"}},"outscale_vm_types":{"version":0,"block":{"attributes":{"id":{"type":"string","description_kind":"plain","optional":true,"computed":true},"request_id":{"type":"string","description_kind":"plain","computed":true},"vm_types":{"type":["list",["object",{"bsu_optimized":"bool","max_private_ips":"number","memory_size":"number","vcore_count":"number","vm_type_name":"string","volume_count":"number","volume_size":"number"}]],"description_kind":"plain","computed":true}},"block_types":{"filter":{"nesting_mode":"set","block":{"attributes":{"name":{"type":"string","description_kind":"plain","required":true},"values":{"type":["list","string"],"description_kind":"plain","required":true}},"description_kind":"plain"}}},"description_kind":"plain"}},"outscale_vms":{"version":0,"block":{"attributes":{"id":{"type":"string","description_kind":"plain","optional":true,"computed":true},"request_id":{"type":"string","description_kind":"plain","computed":true},"vms":{"type":["list",["object",{"architecture":"string","block_device_mappings_created":["list",["object",{"bsu":["map","string"],"device_name":"string"}]],"bsu_optimized":"bool","client_token":"string","creation_date":"string","deletion_protection":"bool","hypervisor":"string","image_id":"string","is_source_dest_checked":"bool","keypair_name":"string","launch_number":"number","nested_virtualization":"bool","net_id":"string","nics":["list",["object",{"account_id":"string","delete_on_vm_deletion":"bool","description":"string","device_number":"number","is_source_dest_checked":"bool","link_nic":["list",["object",{"delete_on_vm_deletion":"bool","device_number":"string","link_nic_id":"string","state":"string"}]],"link_public_ip":["set",["object",{"public_dns_name":"string","public_ip":"string","public_ip_account_id":"string"}]],"mac_address":"string","net_id":"string","nic_id":"string","private_dns_name":"string","private_ips":["set",["object",{"is_primary":"bool","link_public_ip":["set",["object",{"public_dns_name":"string","public_ip":"string","public_ip_account_id":"string"}]],"private_dns_name":"string","private_ip":"string"}]],"secondary_private_ip_count":"number","security_group_ids":["list","string"],"security_groups":["list",["object",{"security_group_id":"string","security_group_name":"string"}]],"security_groups_names":["list","string"],"state":"string","subnet_id":"string"}]],"os_family":"string","performance":"string","placement_subregion_name":"string","placement_tenancy":"string","private_dns_name":"string","private_ip":"string","private_ips":["list","string"],"product_codes":["list","string"],"public_dns_name":"string","public_ip":"string","request_id":"string","reservation_id":"string","root_device_name":"string","root_device_type":"string","security_group_ids":["list","string"],"security_group_names":["list","string"],"security_groups":["list",["object",{"security_group_id":"string","security_group_name":"string"}]],"state":"string","state_reason":"string","subnet_id":"string","tags":["list",["object",{"key":"string","value":"string"}]],"user_data":"string","vm_id":"string","vm_initiated_shutdown_behavior":"string","vm_type":"string"}]],"description_kind":"plain","computed":true}},"block_types":{"filter":{"nesting_mode":"set","block":{"attributes":{"name":{"type":"string","description_kind":"plain","required":true},"values":{"type":["list","string"],"description_kind":"plain","required":true}},"description_kind":"plain"}}},"description_kind":"plain"}},"outscale_volume":{"version":0,"block":{"attributes":{"creation_date":{"type":"string","description_kind":"plain","computed":true},"id":{"type":"string","description_kind":"plain","optional":true,"computed":true},"iops":{"type":"number","description_kind":"plain","computed":true},"linked_volumes":{"type":["list",["object",{"delete_on_vm_deletion":"bool","device_name":"string","state":"string","vm_id":"string","volume_id":"string"}]],"description_kind":"plain","computed":true},"request_id":{"type":"string","description_kind":"plain","optional":true},"size":{"type":"number","description_kind":"plain","computed":true},"snapshot_id":{"type":"string","description_kind":"plain","computed":true},"state":{"type":"string","description_kind":"plain","computed":true},"subregion_name":{"type":"string","description_kind":"plain","computed":true},"tags":{"type":["list",["object",{"key":"string","value":"string"}]],"description_kind":"plain","computed":true},"volume_id":{"type":"string","description_kind":"plain","optional":true},"volume_type":{"type":"string","description_kind":"plain","computed":true}},"block_types":{"filter":{"nesting_mode":"set","block":{"attributes":{"name":{"type":"string","description_kind":"plain","required":true},"values":{"type":["list","string"],"description_kind":"plain","required":true}},"description_kind":"plain"}}},"description_kind":"plain"}},"outscale_volumes":{"version":0,"block":{"attributes":{"id":{"type":"string","description_kind":"plain","optional":true,"computed":true},"request_id":{"type":"string","description_kind":"plain","optional":true},"volume_id":{"type":"string","description_kind":"plain","optional":true},"volumes":{"type":["list",["object",{"creation_date":"string","iops":"number","linked_volumes":["list",["object",{"delete_on_vm_deletion":"bool","device_name":"string","state":"string","vm_id":"string","volume_id":"string"}]],"size":"number","snapshot_id":"string","state":"string","subregion_name":"string","tags":["list",["object",{"key":"string","value":"string"}]],"volume_id":"string","volume_type":"string"}]],"description_kind":"plain","computed":true}},"block_types":{"filter":{"nesting_mode":"set","block":{"attributes":{"name":{"type":"string","description_kind":"plain","required":true},"values":{"type":["list","string"],"description_kind":"plain","required":true}},"description_kind":"plain"}}},"description_kind":"plain"}},"outscale_vpn_connection":{"version":0,"block":{"attributes":{"client_gateway_configuration":{"type":"string","description_kind":"plain","computed":true},"client_gateway_id":{"type":"string","description_kind":"plain","computed":true},"connection_type":{"type":"string","description_kind":"plain","computed":true},"id":{"type":"string","description_kind":"plain","optional":true,"computed":true},"request_id":{"type":"string","description_kind":"plain","computed":true},"routes":{"type":["list",["object",{"destination_ip_range":"string","route_type":"string","state":"string"}]],"description_kind":"plain","computed":true},"state":{"type":"string","description_kind":"plain","computed":true},"static_routes_only":{"type":"bool","description_kind":"plain","optional":true},"tags":{"type":["list",["object",{"key":"string","value":"string"}]],"description_kind":"plain","computed":true},"vgw_telemetries":{"type":["list",["object",{"accepted_route_count":"number","last_state_change_date":"string","outside_ip_address":"string","state":"string","state_description":"string"}]],"description_kind":"plain","computed":true},"virtual_gateway_id":{"type":"string","description_kind":"plain","computed":true},"vpn_connection_id":{"type":"string","description_kind":"plain","optional":true}},"block_types":{"filter":{"nesting_mode":"set","block":{"attributes":{"name":{"type":"string","description_kind":"plain","required":true},"values":{"type":["list","string"],"description_kind":"plain","required":true}},"description_kind":"plain"}}},"description_kind":"plain"}},"outscale_vpn_connections":{"version":0,"block":{"attributes":{"id":{"type":"string","description_kind":"plain","optional":true,"computed":true},"request_id":{"type":"string","description_kind":"plain","computed":true},"vpn_connection_ids":{"type":["list","string"],"description_kind":"plain","optional":true},"vpn_connections":{"type":["list",["object",{"client_gateway_configuration":"string","client_gateway_id":"string","connection_type":"string","routes":["list",["object",{"destination_ip_range":"string","route_type":"string","state":"string"}]],"state":"string","static_routes_only":"bool","tags":["list",["object",{"key":"string","value":"string"}]],"vgw_telemetries":["list",["object",{"accepted_route_count":"number","last_state_change_date":"string","outside_ip_address":"string","state":"string","state_description":"string"}]],"virtual_gateway_id":"string","vpn_connection_id":"string"}]],"description_kind":"plain","computed":true}},"block_types":{"filter":{"nesting_mode":"set","block":{"attributes":{"name":{"type":"string","description_kind":"plain","required":true},"values":{"type":["list","string"],"description_kind":"plain","required":true}},"description_kind":"plain"}}},"description_kind":"plain"}}}}}}
